PODS:
  - Charts (3.2.2):
    - Charts/Core (= 3.2.2)
  - Charts/Core (3.2.2)
  - Realm (3.13.1):
    - Realm/Headers (= 3.13.1)
  - Realm/Headers (3.13.1)
  - RealmSwift (3.13.1):
    - Realm (= 3.13.1)
  - SkyFloatingLabelTextField (3.6.0)
  - UICircularProgressRing (6.0.2)

DEPENDENCIES:
  - Charts (~> 3.2)
  - RealmSwift
  - SkyFloatingLabelTextField (~> 3.0)
  - UICircularProgressRing

SPEC REPOS:
  https://github.com/cocoapods/specs.git:
    - Charts
    - Realm
    - RealmSwift
    - SkyFloatingLabelTextField
    - UICircularProgressRing

SPEC CHECKSUMS:
  Charts: f69cf0518b6d1d62608ca504248f1bbe0b6ae77e
  Realm: 50071da38fe079e0735e47c9f2eae738c68c5996
  RealmSwift: 8a1e6a02b7a08cd17a31e3115143fb69fe5f3fb9
  SkyFloatingLabelTextField: 38164979b79512f9ff9288ad8acfc4bbf5d843e3
  UICircularProgressRing: 2ef1293241b83d8020ede21a8fe3b3d859525730

PODFILE CHECKSUM: df7dd0abb15a44db12c999d56ea6b4d3be149c60

COCOAPODS: 1.5.3
