// !$*UTF8*$!
{
	archiveVersion = 1;
	classes = {
	};
	objectVersion = 50;
	objects = {

/* Begin PBXBuildFile section */
		0B38BDB92231D13D00DEA358 /* HistoryViewController+PickerDelegateDataSource.swift in Sources */ = {isa = PBXBuildFile; fileRef = 0B38BDB82231D13D00DEA358 /* HistoryViewController+PickerDelegateDataSource.swift */; };
		0B3C97B62239F9590042BE4C /* RealmDataManager+FakeYear.swift in Sources */ = {isa = PBXBuildFile; fileRef = 0B3C97B52239F9590042BE4C /* RealmDataManager+FakeYear.swift */; };
		0B4AF2D1223597C400A7CBF2 /* NewHistoryViewController.swift in Sources */ = {isa = PBXBuildFile; fileRef = 0B4AF2D0223597C400A7CBF2 /* NewHistoryViewController.swift */; };
		0B4AF2D3223598FA00A7CBF2 /* NewHistoryViewController+FSCalendarDelegateDataSource.swift in Sources */ = {isa = PBXBuildFile; fileRef = 0B4AF2D2223598FA00A7CBF2 /* NewHistoryViewController+FSCalendarDelegateDataSource.swift */; };
		0B4AF2D52235B18E00A7CBF2 /* NewHistoryViewController+TableViewDataSourceDelegate.swift in Sources */ = {isa = PBXBuildFile; fileRef = 0B4AF2D42235B18E00A7CBF2 /* NewHistoryViewController+TableViewDataSourceDelegate.swift */; };
		0B4AF2D722360EA500A7CBF2 /* RecordWorkoutMasterViewController+CenterScrollDelegate.swift in Sources */ = {isa = PBXBuildFile; fileRef = 0B4AF2D622360EA500A7CBF2 /* RecordWorkoutMasterViewController+CenterScrollDelegate.swift */; };
		0B4AF2D92236100B00A7CBF2 /* RecTopBarVC.swift in Sources */ = {isa = PBXBuildFile; fileRef = 0B4AF2D82236100A00A7CBF2 /* RecTopBarVC.swift */; };
		0B4AF2DB223613F000A7CBF2 /* RecordWorkoutMasterViewController+TopBarDelegate.swift in Sources */ = {isa = PBXBuildFile; fileRef = 0B4AF2DA223613F000A7CBF2 /* RecordWorkoutMasterViewController+TopBarDelegate.swift */; };
		0B4AF2DD2236CD9400A7CBF2 /* CursedTimerULiL.ttf in Resources */ = {isa = PBXBuildFile; fileRef = 0B4AF2DC2236CD9400A7CBF2 /* CursedTimerULiL.ttf */; };
		0B4AF2DF2236CE0C00A7CBF2 /* timeburnernormal.ttf in Resources */ = {isa = PBXBuildFile; fileRef = 0B4AF2DE2236CE0C00A7CBF2 /* timeburnernormal.ttf */; };
		0B4AF2E12236CF8B00A7CBF2 /* CenterViewController+TimerFunctions.swift in Sources */ = {isa = PBXBuildFile; fileRef = 0B4AF2E02236CF8B00A7CBF2 /* CenterViewController+TimerFunctions.swift */; };
		0B4AF2E32236D3BC00A7CBF2 /* SVBasicManual.ttf in Resources */ = {isa = PBXBuildFile; fileRef = 0B4AF2E22236D3BC00A7CBF2 /* SVBasicManual.ttf */; };
		0B4AF2E52236EF3B00A7CBF2 /* CommandModel.swift in Sources */ = {isa = PBXBuildFile; fileRef = 0B4AF2E42236EF3B00A7CBF2 /* CommandModel.swift */; };
		0B4AF2E922370C1B00A7CBF2 /* StatsPage1Controller.swift in Sources */ = {isa = PBXBuildFile; fileRef = 0B4AF2E822370C1B00A7CBF2 /* StatsPage1Controller.swift */; };
		0B4AF2EB223725F400A7CBF2 /* StatPage4Controller.swift in Sources */ = {isa = PBXBuildFile; fileRef = 0B4AF2EA223725F400A7CBF2 /* StatPage4Controller.swift */; };
		0B4AF2F02237313B00A7CBF2 /* StatPage3Controller.swift in Sources */ = {isa = PBXBuildFile; fileRef = 0B4AF2EF2237313B00A7CBF2 /* StatPage3Controller.swift */; };
		0B4AF2F22237487B00A7CBF2 /* StaticDataManger+RealmQueries.swift in Sources */ = {isa = PBXBuildFile; fileRef = 0B4AF2F12237487B00A7CBF2 /* StaticDataManger+RealmQueries.swift */; };
		0B4AF2F422374D3C00A7CBF2 /* Date+easyFunctions.swift in Sources */ = {isa = PBXBuildFile; fileRef = 0B4AF2F322374D3C00A7CBF2 /* Date+easyFunctions.swift */; };
		0B4AF2F62237857400A7CBF2 /* StatHelper.swift in Sources */ = {isa = PBXBuildFile; fileRef = 0B4AF2F52237857400A7CBF2 /* StatHelper.swift */; };
		0B4AF2F822387F4900A7CBF2 /* StatPage1Controller+ScrollViewDelegate.swift in Sources */ = {isa = PBXBuildFile; fileRef = 0B4AF2F722387F4900A7CBF2 /* StatPage1Controller+ScrollViewDelegate.swift */; };
		0B5013EC222F25F7004A64EC /* CenterViewController.swift in Sources */ = {isa = PBXBuildFile; fileRef = 0B5013EB222F25F7004A64EC /* CenterViewController.swift */; };
		0B5013EE222F2DB2004A64EC /* CenterViewProtocol.swift in Sources */ = {isa = PBXBuildFile; fileRef = 0B5013ED222F2DB2004A64EC /* CenterViewProtocol.swift */; };
		0B5013F0222F2F9F004A64EC /* RecordWorkoutMasterViewController+ContainerFunctions.swift in Sources */ = {isa = PBXBuildFile; fileRef = 0B5013EF222F2F9F004A64EC /* RecordWorkoutMasterViewController+ContainerFunctions.swift */; };
		0B5013F2222F4CDC004A64EC /* DataManager.swift in Sources */ = {isa = PBXBuildFile; fileRef = 0B5013F1222F4CDC004A64EC /* DataManager.swift */; };
		0B5013F4222F6653004A64EC /* FeedbackMsg.xib in Resources */ = {isa = PBXBuildFile; fileRef = 0B5013F3222F6653004A64EC /* FeedbackMsg.xib */; };
		0B5013F6222F673E004A64EC /* FeedbackMsgView.swift in Sources */ = {isa = PBXBuildFile; fileRef = 0B5013F5222F673E004A64EC /* FeedbackMsgView.swift */; };
		0B5013F8222F67BC004A64EC /* RecordWorkoutMasterViewController+ShowFeedback.swift in Sources */ = {isa = PBXBuildFile; fileRef = 0B5013F7222F67BC004A64EC /* RecordWorkoutMasterViewController+ShowFeedback.swift */; };
		0BA30329222DE70A0046FDB9 /* Exercise.xib in Resources */ = {isa = PBXBuildFile; fileRef = 0BA30328222DE70A0046FDB9 /* Exercise.xib */; };
		0BA3032B222DE8EA0046FDB9 /* ExerciseView.swift in Sources */ = {isa = PBXBuildFile; fileRef = 0BA3032A222DE8EA0046FDB9 /* ExerciseView.swift */; };
		0BA3032D222E08530046FDB9 /* RecWorkoutSB.storyboard in Resources */ = {isa = PBXBuildFile; fileRef = 0BA3032C222E08530046FDB9 /* RecWorkoutSB.storyboard */; };
		0BA30331222E09870046FDB9 /* StatsSB.storyboard in Resources */ = {isa = PBXBuildFile; fileRef = 0BA30330222E09870046FDB9 /* StatsSB.storyboard */; };
		0BA30333222E09F00046FDB9 /* HistorySB.storyboard in Resources */ = {isa = PBXBuildFile; fileRef = 0BA30332222E09F00046FDB9 /* HistorySB.storyboard */; };
		0BA30337222E1CDC0046FDB9 /* WorkoutModel.swift in Sources */ = {isa = PBXBuildFile; fileRef = 0BA30336222E1CDC0046FDB9 /* WorkoutModel.swift */; };
		0BA30339222E1E220046FDB9 /* SpeechInputManager+Commands.swift in Sources */ = {isa = PBXBuildFile; fileRef = 0BA30338222E1E220046FDB9 /* SpeechInputManager+Commands.swift */; };
		0BA3033D222E28290046FDB9 /* ExerciseCell.swift in Sources */ = {isa = PBXBuildFile; fileRef = 0BA3033C222E28290046FDB9 /* ExerciseCell.swift */; };
		0BA3033F222ED8050046FDB9 /* RecordWorkoutMasterViewController.swift in Sources */ = {isa = PBXBuildFile; fileRef = 0BA3033E222ED8050046FDB9 /* RecordWorkoutMasterViewController.swift */; };
		0BA30345222EDDFA0046FDB9 /* Help.xib in Resources */ = {isa = PBXBuildFile; fileRef = 0BA30344222EDDFA0046FDB9 /* Help.xib */; };
		0BA30347222EDE2C0046FDB9 /* HelpView.swift in Sources */ = {isa = PBXBuildFile; fileRef = 0BA30346222EDE2C0046FDB9 /* HelpView.swift */; };
		0BA3DB8E222DD0F200AC7538 /* MuscleGroup.swift in Sources */ = {isa = PBXBuildFile; fileRef = 0BA3DB83222DD0F200AC7538 /* MuscleGroup.swift */; };
		0BA3DB8F222DD0F200AC7538 /* ExerciseModel.swift in Sources */ = {isa = PBXBuildFile; fileRef = 0BA3DB84222DD0F200AC7538 /* ExerciseModel.swift */; };
		0BA3DB90222DD0F200AC7538 /* ExerciseRef.swift in Sources */ = {isa = PBXBuildFile; fileRef = 0BA3DB85222DD0F200AC7538 /* ExerciseRef.swift */; };
		0BA3DB91222DD0F200AC7538 /* ExerciseModifier.swift in Sources */ = {isa = PBXBuildFile; fileRef = 0BA3DB86222DD0F200AC7538 /* ExerciseModifier.swift */; };
		0BA3DB92222DD0F200AC7538 /* ExerciseTypes.swift in Sources */ = {isa = PBXBuildFile; fileRef = 0BA3DB87222DD0F200AC7538 /* ExerciseTypes.swift */; };
		0BA3DB93222DD0F200AC7538 /* ExerciseRefernceProtocol.swift in Sources */ = {isa = PBXBuildFile; fileRef = 0BA3DB88222DD0F200AC7538 /* ExerciseRefernceProtocol.swift */; };
		0BA3DB94222DD0F200AC7538 /* SpeechInputManager+InputParsing.swift in Sources */ = {isa = PBXBuildFile; fileRef = 0BA3DB8A222DD0F200AC7538 /* SpeechInputManager+InputParsing.swift */; };
		0BA3DB95222DD0F200AC7538 /* SpeechInputManager+UserAddedExercises.swift in Sources */ = {isa = PBXBuildFile; fileRef = 0BA3DB8B222DD0F200AC7538 /* SpeechInputManager+UserAddedExercises.swift */; };
		0BA3DB96222DD0F200AC7538 /* SpechInputManager+SetUp.swift in Sources */ = {isa = PBXBuildFile; fileRef = 0BA3DB8C222DD0F200AC7538 /* SpechInputManager+SetUp.swift */; };
		0BA3DB97222DD0F200AC7538 /* SpeechInputManager.swift in Sources */ = {isa = PBXBuildFile; fileRef = 0BA3DB8D222DD0F200AC7538 /* SpeechInputManager.swift */; };
		0BA3DB99222DD2FC00AC7538 /* SpeechRecognizer.swift in Sources */ = {isa = PBXBuildFile; fileRef = 0BA3DB98222DD2FC00AC7538 /* SpeechRecognizer.swift */; };
		0BA3DB9B222DD3ED00AC7538 /* RecognizerReturnDelegate.swift in Sources */ = {isa = PBXBuildFile; fileRef = 0BA3DB9A222DD3ED00AC7538 /* RecognizerReturnDelegate.swift */; };
		0BAA18332234720A00EC40D8 /* KeepCalm-Medium.ttf in Resources */ = {isa = PBXBuildFile; fileRef = 0BAA18322234720A00EC40D8 /* KeepCalm-Medium.ttf */; };
		0BAA18352234750900EC40D8 /* Simply Rounded Bold Italic.ttf in Resources */ = {isa = PBXBuildFile; fileRef = 0BAA18342234745C00EC40D8 /* Simply Rounded Bold Italic.ttf */; };
		0BAA18372234896000EC40D8 /* UIImage+createWithColor.swift in Sources */ = {isa = PBXBuildFile; fileRef = 0BAA18362234896000EC40D8 /* UIImage+createWithColor.swift */; };
		0BAA183922349D9F00EC40D8 /* Simply Rounded.ttf in Resources */ = {isa = PBXBuildFile; fileRef = 0BAA183822349D9E00EC40D8 /* Simply Rounded.ttf */; };
		0BB1CEC22230496400F386C3 /* StatsMasterController.swift in Sources */ = {isa = PBXBuildFile; fileRef = 0BB1CEC12230496400F386C3 /* StatsMasterController.swift */; };
		0BB1CEC422304BC700F386C3 /* StatsCenterVC.swift in Sources */ = {isa = PBXBuildFile; fileRef = 0BB1CEC322304BC700F386C3 /* StatsCenterVC.swift */; };
		0BB1CEC622304BD800F386C3 /* StatsTopBarVC.swift in Sources */ = {isa = PBXBuildFile; fileRef = 0BB1CEC522304BD800F386C3 /* StatsTopBarVC.swift */; };
		0BB1CEC8223060AA00F386C3 /* StatsMasterController+ScrollViewDelegate.swift in Sources */ = {isa = PBXBuildFile; fileRef = 0BB1CEC7223060AA00F386C3 /* StatsMasterController+ScrollViewDelegate.swift */; };
		0BB1CECA2230690900F386C3 /* TopBarDelegateProtocol.swift in Sources */ = {isa = PBXBuildFile; fileRef = 0BB1CEC92230690900F386C3 /* TopBarDelegateProtocol.swift */; };
		0BB1CECC223069B900F386C3 /* StatsMasterController+TopBarDelegate.swift in Sources */ = {isa = PBXBuildFile; fileRef = 0BB1CECB223069B900F386C3 /* StatsMasterController+TopBarDelegate.swift */; };
		0BB2A5C422337CA3006C8FF7 /* RecordWorkoutMasterViewController+Animations.swift in Sources */ = {isa = PBXBuildFile; fileRef = 0BB2A5C322337CA3006C8FF7 /* RecordWorkoutMasterViewController+Animations.swift */; };
		0BB2A5C6223382F2006C8FF7 /* RecordWorkoutMasterViewController+RecognizerReturn.swift in Sources */ = {isa = PBXBuildFile; fileRef = 0BB2A5C5223382F2006C8FF7 /* RecordWorkoutMasterViewController+RecognizerReturn.swift */; };
		0BB2A5C822338358006C8FF7 /* RecordWorkoutMasterViewController+Commands.swift in Sources */ = {isa = PBXBuildFile; fileRef = 0BB2A5C722338358006C8FF7 /* RecordWorkoutMasterViewController+Commands.swift */; };
		0BB2A5CA223434E3006C8FF7 /* CenterViewController+TableViewDelegateDataSource.swift in Sources */ = {isa = PBXBuildFile; fileRef = 0BB2A5C9223434E3006C8FF7 /* CenterViewController+TableViewDelegateDataSource.swift */; };
		0BB4470622331893004BEDD1 /* RecordWorkoutMasterViewController+StartEnd.swift in Sources */ = {isa = PBXBuildFile; fileRef = 0BB4470522331893004BEDD1 /* RecordWorkoutMasterViewController+StartEnd.swift */; };
		0BB7E9952231F249000C285D /* MasterTabBarController.swift in Sources */ = {isa = PBXBuildFile; fileRef = 0BB7E9942231F249000C285D /* MasterTabBarController.swift */; };
		0BB7E9BA2232D7DC000C285D /* SpeechVisulizerView.swift in Sources */ = {isa = PBXBuildFile; fileRef = 0BB7E9B92232D7DC000C285D /* SpeechVisulizerView.swift */; };
		0BB7E9BC2232FB21000C285D /* RecordWorkoutMasterViewController+Visualizer.swift in Sources */ = {isa = PBXBuildFile; fileRef = 0BB7E9BB2232FB21000C285D /* RecordWorkoutMasterViewController+Visualizer.swift */; };
		0BCA1ABC2228D30000B51C27 /* AppDelegate.swift in Sources */ = {isa = PBXBuildFile; fileRef = 0BCA1ABB2228D30000B51C27 /* AppDelegate.swift */; };
		0BCA1AC12228D30100B51C27 /* Main.storyboard in Resources */ = {isa = PBXBuildFile; fileRef = 0BCA1ABF2228D30100B51C27 /* Main.storyboard */; };
		0BCA1AC42228D30100B51C27 /* EZWorkout.xcdatamodeld in Sources */ = {isa = PBXBuildFile; fileRef = 0BCA1AC22228D30100B51C27 /* EZWorkout.xcdatamodeld */; };
		0BCA1AC62228D30100B51C27 /* Assets.xcassets in Resources */ = {isa = PBXBuildFile; fileRef = 0BCA1AC52228D30100B51C27 /* Assets.xcassets */; };
		0BCA1AC92228D30100B51C27 /* LaunchScreen.storyboard in Resources */ = {isa = PBXBuildFile; fileRef = 0BCA1AC72228D30100B51C27 /* LaunchScreen.storyboard */; };
		0BF84E8022309F7100DFC6B0 /* HistoryViewController.swift in Sources */ = {isa = PBXBuildFile; fileRef = 0BF84E7F22309F7100DFC6B0 /* HistoryViewController.swift */; };
		0BF84E8222309F8B00DFC6B0 /* ExerciseTableManager.swift in Sources */ = {isa = PBXBuildFile; fileRef = 0BF84E8122309F8B00DFC6B0 /* ExerciseTableManager.swift */; };
		0BF84E8422309FA600DFC6B0 /* WorkoutTableManager.swift in Sources */ = {isa = PBXBuildFile; fileRef = 0BF84E8322309FA600DFC6B0 /* WorkoutTableManager.swift */; };
		0BF84E862230A32D00DFC6B0 /* ExerciseSetCell.swift in Sources */ = {isa = PBXBuildFile; fileRef = 0BF84E852230A32D00DFC6B0 /* ExerciseSetCell.swift */; };
		0BF84E882230A55E00DFC6B0 /* WorkoutCell.swift in Sources */ = {isa = PBXBuildFile; fileRef = 0BF84E872230A55E00DFC6B0 /* WorkoutCell.swift */; };
		0BF84E8A2230A99800DFC6B0 /* HistoryViewController+WorkoutTableDelegate.swift in Sources */ = {isa = PBXBuildFile; fileRef = 0BF84E892230A99800DFC6B0 /* HistoryViewController+WorkoutTableDelegate.swift */; };
		0BF84E8C2230C2A900DFC6B0 /* HistoryViewController+ExerciseTableDelegate.swift in Sources */ = {isa = PBXBuildFile; fileRef = 0BF84E8B2230C2A900DFC6B0 /* HistoryViewController+ExerciseTableDelegate.swift */; };
		0BF84E8E2230EC3D00DFC6B0 /* ExerciseType.xib in Resources */ = {isa = PBXBuildFile; fileRef = 0BF84E8D2230EC3D00DFC6B0 /* ExerciseType.xib */; };
		0BF84E902230ED2700DFC6B0 /* ExerciseTypeView.swift in Sources */ = {isa = PBXBuildFile; fileRef = 0BF84E8F2230ED2700DFC6B0 /* ExerciseTypeView.swift */; };
		0BF84E922231B0E900DFC6B0 /* ExerciseSet.xib in Resources */ = {isa = PBXBuildFile; fileRef = 0BF84E912231B0E900DFC6B0 /* ExerciseSet.xib */; };
		0BF84E942231B16A00DFC6B0 /* ExerciseSetView.swift in Sources */ = {isa = PBXBuildFile; fileRef = 0BF84E932231B16A00DFC6B0 /* ExerciseSetView.swift */; };
		1BD8438B9947517B54131039 /* Pods_EZWorkout.framework in Frameworks */ = {isa = PBXBuildFile; fileRef = 56613A7F23DBE1C05BB336A2 /* Pods_EZWorkout.framework */; };
		2851C8812231F23A005E4384 /* StaticDataManager.swift in Sources */ = {isa = PBXBuildFile; fileRef = 2851C8802231F23A005E4384 /* StaticDataManager.swift */; };
		285A56DB2229DB2E003E4AA0 /* ExcerciseTableViewCell.swift in Sources */ = {isa = PBXBuildFile; fileRef = 285A56DA2229DB2E003E4AA0 /* ExcerciseTableViewCell.swift */; };
		28812196222DA4DA007042C1 /* StatVC.swift in Sources */ = {isa = PBXBuildFile; fileRef = 28812195222DA4DA007042C1 /* StatVC.swift */; };
		288121DE222F53DC007042C1 /* StatPVC.swift in Sources */ = {isa = PBXBuildFile; fileRef = 288121DD222F53DC007042C1 /* StatPVC.swift */; };
		288121E2222F5598007042C1 /* ScrollStatsView.swift in Sources */ = {isa = PBXBuildFile; fileRef = 288121E1222F5598007042C1 /* ScrollStatsView.swift */; };
		288121E7222F6B63007042C1 /* RealmDataManager.swift in Sources */ = {isa = PBXBuildFile; fileRef = 288121E6222F6B63007042C1 /* RealmDataManager.swift */; };
		288121EB222F7311007042C1 /* ExcerciseRealm.swift in Sources */ = {isa = PBXBuildFile; fileRef = 288121EA222F7311007042C1 /* ExcerciseRealm.swift */; };
		288121ED222F7B15007042C1 /* UserRealm.swift in Sources */ = {isa = PBXBuildFile; fileRef = 288121EC222F7B15007042C1 /* UserRealm.swift */; };
		288121EF222F7B85007042C1 /* WorkoutRealm.swift in Sources */ = {isa = PBXBuildFile; fileRef = 288121EE222F7B85007042C1 /* WorkoutRealm.swift */; };
		288121F1222F7D83007042C1 /* userStatRealm.swift in Sources */ = {isa = PBXBuildFile; fileRef = 288121F0222F7D83007042C1 /* userStatRealm.swift */; };
		28DC63FF223324E5002FC4E0 /* StatUserVC.swift in Sources */ = {isa = PBXBuildFile; fileRef = 28DC63FE223324E5002FC4E0 /* StatUserVC.swift */; };
		28DC64352235C3EA002FC4E0 /* StatTotalVC.swift in Sources */ = {isa = PBXBuildFile; fileRef = 28DC64342235C3EA002FC4E0 /* StatTotalVC.swift */; };
		28DC64372235F820002FC4E0 /* StatLastWeekVC.swift in Sources */ = {isa = PBXBuildFile; fileRef = 28DC64362235F820002FC4E0 /* StatLastWeekVC.swift */; };
		28F05A302243466100D23A2C /* SetUpVC.swift in Sources */ = {isa = PBXBuildFile; fileRef = 28F05A2F2243466100D23A2C /* SetUpVC.swift */; };
		28F4C08B22388371003318ED /* Interface.storyboard in Resources */ = {isa = PBXBuildFile; fileRef = 28F4C08922388371003318ED /* Interface.storyboard */; };
		28F4C08D22388372003318ED /* Assets.xcassets in Resources */ = {isa = PBXBuildFile; fileRef = 28F4C08C22388372003318ED /* Assets.xcassets */; };
		28F4C09422388372003318ED /* WorkoutWatch Extension.appex in Embed App Extensions */ = {isa = PBXBuildFile; fileRef = 28F4C09322388372003318ED /* WorkoutWatch Extension.appex */; settings = {ATTRIBUTES = (RemoveHeadersOnCopy, ); }; };
		28F4C09922388372003318ED /* InterfaceController.swift in Sources */ = {isa = PBXBuildFile; fileRef = 28F4C09822388372003318ED /* InterfaceController.swift */; };
		28F4C09B22388372003318ED /* ExtensionDelegate.swift in Sources */ = {isa = PBXBuildFile; fileRef = 28F4C09A22388372003318ED /* ExtensionDelegate.swift */; };
		28F4C09D22388372003318ED /* NotificationController.swift in Sources */ = {isa = PBXBuildFile; fileRef = 28F4C09C22388372003318ED /* NotificationController.swift */; };
		28F4C09F22388373003318ED /* Assets.xcassets in Resources */ = {isa = PBXBuildFile; fileRef = 28F4C09E22388373003318ED /* Assets.xcassets */; };
		28F4C0A422388373003318ED /* WorkoutWatch.app in Embed Watch Content */ = {isa = PBXBuildFile; fileRef = 28F4C08722388371003318ED /* WorkoutWatch.app */; };
		28F4C0E922388AEA003318ED /* DetailVC.swift in Sources */ = {isa = PBXBuildFile; fileRef = 28F4C0E822388AEA003318ED /* DetailVC.swift */; };
		28F4C0F022389272003318ED /* ViewController.swift in Sources */ = {isa = PBXBuildFile; fileRef = 28F4C0EF22389272003318ED /* ViewController.swift */; };
		28F4C0F422389917003318ED /* iosWatch.swift in Sources */ = {isa = PBXBuildFile; fileRef = 28F4C0F322389917003318ED /* iosWatch.swift */; };
		28F4C0F522389919003318ED /* iosWatch.swift in Sources */ = {isa = PBXBuildFile; fileRef = 28F4C0F322389917003318ED /* iosWatch.swift */; };
		28F4C0F722389FBA003318ED /* RecognizerReturnDelegate.swift in Sources */ = {isa = PBXBuildFile; fileRef = 0BA3DB9A222DD3ED00AC7538 /* RecognizerReturnDelegate.swift */; };
/* End PBXBuildFile section */

/* Begin PBXContainerItemProxy section */
		28F4C09522388372003318ED /* PBXContainerItemProxy */ = {
			isa = PBXContainerItemProxy;
			containerPortal = 0BCA1AB02228D30000B51C27 /* Project object */;
			proxyType = 1;
			remoteGlobalIDString = 28F4C09222388372003318ED;
			remoteInfo = "WorkoutWatch Extension";
		};
		28F4C0EA22388F38003318ED /* PBXContainerItemProxy */ = {
			isa = PBXContainerItemProxy;
			containerPortal = 0BCA1AB02228D30000B51C27 /* Project object */;
			proxyType = 1;
			remoteGlobalIDString = 28F4C08622388371003318ED;
			remoteInfo = WorkoutWatch;
		};
		28F4C0EC22388F42003318ED /* PBXContainerItemProxy */ = {
			isa = PBXContainerItemProxy;
			containerPortal = 0BCA1AB02228D30000B51C27 /* Project object */;
			proxyType = 1;
			remoteGlobalIDString = 28F4C09222388372003318ED;
			remoteInfo = "WorkoutWatch Extension";
		};
/* End PBXContainerItemProxy section */

/* Begin PBXCopyFilesBuildPhase section */
		28F4C0AA22388373003318ED /* Embed App Extensions */ = {
			isa = PBXCopyFilesBuildPhase;
			buildActionMask = 2147483647;
			dstPath = "";
			dstSubfolderSpec = 13;
			files = (
				28F4C09422388372003318ED /* WorkoutWatch Extension.appex in Embed App Extensions */,
			);
			name = "Embed App Extensions";
			runOnlyForDeploymentPostprocessing = 0;
		};
		28F4C0AC22388373003318ED /* Embed Watch Content */ = {
			isa = PBXCopyFilesBuildPhase;
			buildActionMask = 12;
			dstPath = "$(CONTENTS_FOLDER_PATH)/Watch";
			dstSubfolderSpec = 16;
			files = (
				28F4C0A422388373003318ED /* WorkoutWatch.app in Embed Watch Content */,
			);
			name = "Embed Watch Content";
			runOnlyForDeploymentPostprocessing = 0;
		};
/* End PBXCopyFilesBuildPhase section */

/* Begin PBXFileReference section */
		0B38BDB82231D13D00DEA358 /* HistoryViewController+PickerDelegateDataSource.swift */ = {isa = PBXFileReference; lastKnownFileType = sourcecode.swift; path = "HistoryViewController+PickerDelegateDataSource.swift"; sourceTree = "<group>"; };
		0B3C97B52239F9590042BE4C /* RealmDataManager+FakeYear.swift */ = {isa = PBXFileReference; lastKnownFileType = sourcecode.swift; path = "RealmDataManager+FakeYear.swift"; sourceTree = "<group>"; };
		0B4AF2D0223597C400A7CBF2 /* NewHistoryViewController.swift */ = {isa = PBXFileReference; lastKnownFileType = sourcecode.swift; name = NewHistoryViewController.swift; path = EZWorkout/NewHistoryViewController.swift; sourceTree = SOURCE_ROOT; };
		0B4AF2D2223598FA00A7CBF2 /* NewHistoryViewController+FSCalendarDelegateDataSource.swift */ = {isa = PBXFileReference; lastKnownFileType = sourcecode.swift; path = "NewHistoryViewController+FSCalendarDelegateDataSource.swift"; sourceTree = "<group>"; };
		0B4AF2D42235B18E00A7CBF2 /* NewHistoryViewController+TableViewDataSourceDelegate.swift */ = {isa = PBXFileReference; lastKnownFileType = sourcecode.swift; path = "NewHistoryViewController+TableViewDataSourceDelegate.swift"; sourceTree = "<group>"; };
		0B4AF2D622360EA500A7CBF2 /* RecordWorkoutMasterViewController+CenterScrollDelegate.swift */ = {isa = PBXFileReference; lastKnownFileType = sourcecode.swift; path = "RecordWorkoutMasterViewController+CenterScrollDelegate.swift"; sourceTree = "<group>"; };
		0B4AF2D82236100A00A7CBF2 /* RecTopBarVC.swift */ = {isa = PBXFileReference; lastKnownFileType = sourcecode.swift; path = RecTopBarVC.swift; sourceTree = "<group>"; };
		0B4AF2DA223613F000A7CBF2 /* RecordWorkoutMasterViewController+TopBarDelegate.swift */ = {isa = PBXFileReference; lastKnownFileType = sourcecode.swift; path = "RecordWorkoutMasterViewController+TopBarDelegate.swift"; sourceTree = "<group>"; };
		0B4AF2DC2236CD9400A7CBF2 /* CursedTimerULiL.ttf */ = {isa = PBXFileReference; lastKnownFileType = file; path = CursedTimerULiL.ttf; sourceTree = "<group>"; };
		0B4AF2DE2236CE0C00A7CBF2 /* timeburnernormal.ttf */ = {isa = PBXFileReference; lastKnownFileType = file; path = timeburnernormal.ttf; sourceTree = "<group>"; };
		0B4AF2E02236CF8B00A7CBF2 /* CenterViewController+TimerFunctions.swift */ = {isa = PBXFileReference; lastKnownFileType = sourcecode.swift; path = "CenterViewController+TimerFunctions.swift"; sourceTree = "<group>"; };
		0B4AF2E22236D3BC00A7CBF2 /* SVBasicManual.ttf */ = {isa = PBXFileReference; lastKnownFileType = file; path = SVBasicManual.ttf; sourceTree = "<group>"; };
		0B4AF2E42236EF3B00A7CBF2 /* CommandModel.swift */ = {isa = PBXFileReference; lastKnownFileType = sourcecode.swift; path = CommandModel.swift; sourceTree = "<group>"; };
		0B4AF2E822370C1B00A7CBF2 /* StatsPage1Controller.swift */ = {isa = PBXFileReference; lastKnownFileType = sourcecode.swift; path = StatsPage1Controller.swift; sourceTree = "<group>"; };
		0B4AF2EA223725F400A7CBF2 /* StatPage4Controller.swift */ = {isa = PBXFileReference; lastKnownFileType = sourcecode.swift; path = StatPage4Controller.swift; sourceTree = "<group>"; };
		0B4AF2EF2237313B00A7CBF2 /* StatPage3Controller.swift */ = {isa = PBXFileReference; lastKnownFileType = sourcecode.swift; path = StatPage3Controller.swift; sourceTree = "<group>"; };
		0B4AF2F12237487B00A7CBF2 /* StaticDataManger+RealmQueries.swift */ = {isa = PBXFileReference; lastKnownFileType = sourcecode.swift; path = "StaticDataManger+RealmQueries.swift"; sourceTree = "<group>"; };
		0B4AF2F322374D3C00A7CBF2 /* Date+easyFunctions.swift */ = {isa = PBXFileReference; lastKnownFileType = sourcecode.swift; path = "Date+easyFunctions.swift"; sourceTree = "<group>"; };
		0B4AF2F52237857400A7CBF2 /* StatHelper.swift */ = {isa = PBXFileReference; lastKnownFileType = sourcecode.swift; path = StatHelper.swift; sourceTree = "<group>"; };
		0B4AF2F722387F4900A7CBF2 /* StatPage1Controller+ScrollViewDelegate.swift */ = {isa = PBXFileReference; lastKnownFileType = sourcecode.swift; path = "StatPage1Controller+ScrollViewDelegate.swift"; sourceTree = "<group>"; };
		0B5013EB222F25F7004A64EC /* CenterViewController.swift */ = {isa = PBXFileReference; lastKnownFileType = sourcecode.swift; path = CenterViewController.swift; sourceTree = "<group>"; };
		0B5013ED222F2DB2004A64EC /* CenterViewProtocol.swift */ = {isa = PBXFileReference; lastKnownFileType = sourcecode.swift; path = CenterViewProtocol.swift; sourceTree = "<group>"; };
		0B5013EF222F2F9F004A64EC /* RecordWorkoutMasterViewController+ContainerFunctions.swift */ = {isa = PBXFileReference; lastKnownFileType = sourcecode.swift; path = "RecordWorkoutMasterViewController+ContainerFunctions.swift"; sourceTree = "<group>"; };
		0B5013F1222F4CDC004A64EC /* DataManager.swift */ = {isa = PBXFileReference; lastKnownFileType = sourcecode.swift; path = DataManager.swift; sourceTree = "<group>"; };
		0B5013F3222F6653004A64EC /* FeedbackMsg.xib */ = {isa = PBXFileReference; lastKnownFileType = file.xib; path = FeedbackMsg.xib; sourceTree = "<group>"; };
		0B5013F5222F673E004A64EC /* FeedbackMsgView.swift */ = {isa = PBXFileReference; lastKnownFileType = sourcecode.swift; path = FeedbackMsgView.swift; sourceTree = "<group>"; };
		0B5013F7222F67BC004A64EC /* RecordWorkoutMasterViewController+ShowFeedback.swift */ = {isa = PBXFileReference; lastKnownFileType = sourcecode.swift; path = "RecordWorkoutMasterViewController+ShowFeedback.swift"; sourceTree = "<group>"; };
		0BA30328222DE70A0046FDB9 /* Exercise.xib */ = {isa = PBXFileReference; lastKnownFileType = file.xib; path = Exercise.xib; sourceTree = "<group>"; };
		0BA3032A222DE8EA0046FDB9 /* ExerciseView.swift */ = {isa = PBXFileReference; lastKnownFileType = sourcecode.swift; path = ExerciseView.swift; sourceTree = "<group>"; };
		0BA3032C222E08530046FDB9 /* RecWorkoutSB.storyboard */ = {isa = PBXFileReference; lastKnownFileType = file.storyboard; path = RecWorkoutSB.storyboard; sourceTree = "<group>"; };
		0BA30330222E09870046FDB9 /* StatsSB.storyboard */ = {isa = PBXFileReference; lastKnownFileType = file.storyboard; path = StatsSB.storyboard; sourceTree = "<group>"; };
		0BA30332222E09F00046FDB9 /* HistorySB.storyboard */ = {isa = PBXFileReference; lastKnownFileType = file.storyboard; path = HistorySB.storyboard; sourceTree = "<group>"; };
		0BA30336222E1CDC0046FDB9 /* WorkoutModel.swift */ = {isa = PBXFileReference; lastKnownFileType = sourcecode.swift; path = WorkoutModel.swift; sourceTree = "<group>"; };
		0BA30338222E1E220046FDB9 /* SpeechInputManager+Commands.swift */ = {isa = PBXFileReference; lastKnownFileType = sourcecode.swift; path = "SpeechInputManager+Commands.swift"; sourceTree = "<group>"; };
		0BA3033C222E28290046FDB9 /* ExerciseCell.swift */ = {isa = PBXFileReference; lastKnownFileType = sourcecode.swift; path = ExerciseCell.swift; sourceTree = "<group>"; };
		0BA3033E222ED8050046FDB9 /* RecordWorkoutMasterViewController.swift */ = {isa = PBXFileReference; lastKnownFileType = sourcecode.swift; path = RecordWorkoutMasterViewController.swift; sourceTree = "<group>"; };
		0BA30344222EDDFA0046FDB9 /* Help.xib */ = {isa = PBXFileReference; lastKnownFileType = file.xib; path = Help.xib; sourceTree = "<group>"; };
		0BA30346222EDE2C0046FDB9 /* HelpView.swift */ = {isa = PBXFileReference; lastKnownFileType = sourcecode.swift; path = HelpView.swift; sourceTree = "<group>"; };
		0BA3DB83222DD0F200AC7538 /* MuscleGroup.swift */ = {isa = PBXFileReference; fileEncoding = 4; lastKnownFileType = sourcecode.swift; path = MuscleGroup.swift; sourceTree = "<group>"; };
		0BA3DB84222DD0F200AC7538 /* ExerciseModel.swift */ = {isa = PBXFileReference; fileEncoding = 4; lastKnownFileType = sourcecode.swift; path = ExerciseModel.swift; sourceTree = "<group>"; };
		0BA3DB85222DD0F200AC7538 /* ExerciseRef.swift */ = {isa = PBXFileReference; fileEncoding = 4; lastKnownFileType = sourcecode.swift; path = ExerciseRef.swift; sourceTree = "<group>"; };
		0BA3DB86222DD0F200AC7538 /* ExerciseModifier.swift */ = {isa = PBXFileReference; fileEncoding = 4; lastKnownFileType = sourcecode.swift; path = ExerciseModifier.swift; sourceTree = "<group>"; };
		0BA3DB87222DD0F200AC7538 /* ExerciseTypes.swift */ = {isa = PBXFileReference; fileEncoding = 4; lastKnownFileType = sourcecode.swift; path = ExerciseTypes.swift; sourceTree = "<group>"; };
		0BA3DB88222DD0F200AC7538 /* ExerciseRefernceProtocol.swift */ = {isa = PBXFileReference; fileEncoding = 4; lastKnownFileType = sourcecode.swift; path = ExerciseRefernceProtocol.swift; sourceTree = "<group>"; };
		0BA3DB8A222DD0F200AC7538 /* SpeechInputManager+InputParsing.swift */ = {isa = PBXFileReference; fileEncoding = 4; lastKnownFileType = sourcecode.swift; path = "SpeechInputManager+InputParsing.swift"; sourceTree = "<group>"; };
		0BA3DB8B222DD0F200AC7538 /* SpeechInputManager+UserAddedExercises.swift */ = {isa = PBXFileReference; fileEncoding = 4; lastKnownFileType = sourcecode.swift; path = "SpeechInputManager+UserAddedExercises.swift"; sourceTree = "<group>"; };
		0BA3DB8C222DD0F200AC7538 /* SpechInputManager+SetUp.swift */ = {isa = PBXFileReference; fileEncoding = 4; lastKnownFileType = sourcecode.swift; path = "SpechInputManager+SetUp.swift"; sourceTree = "<group>"; };
		0BA3DB8D222DD0F200AC7538 /* SpeechInputManager.swift */ = {isa = PBXFileReference; fileEncoding = 4; lastKnownFileType = sourcecode.swift; path = SpeechInputManager.swift; sourceTree = "<group>"; };
		0BA3DB98222DD2FC00AC7538 /* SpeechRecognizer.swift */ = {isa = PBXFileReference; lastKnownFileType = sourcecode.swift; path = SpeechRecognizer.swift; sourceTree = "<group>"; };
		0BA3DB9A222DD3ED00AC7538 /* RecognizerReturnDelegate.swift */ = {isa = PBXFileReference; lastKnownFileType = sourcecode.swift; path = RecognizerReturnDelegate.swift; sourceTree = "<group>"; };
		0BAA18322234720A00EC40D8 /* KeepCalm-Medium.ttf */ = {isa = PBXFileReference; lastKnownFileType = file; path = "KeepCalm-Medium.ttf"; sourceTree = "<group>"; };
		0BAA18342234745C00EC40D8 /* Simply Rounded Bold Italic.ttf */ = {isa = PBXFileReference; lastKnownFileType = file; path = "Simply Rounded Bold Italic.ttf"; sourceTree = "<group>"; };
		0BAA18362234896000EC40D8 /* UIImage+createWithColor.swift */ = {isa = PBXFileReference; lastKnownFileType = sourcecode.swift; path = "UIImage+createWithColor.swift"; sourceTree = "<group>"; };
		0BAA183822349D9E00EC40D8 /* Simply Rounded.ttf */ = {isa = PBXFileReference; lastKnownFileType = file; path = "Simply Rounded.ttf"; sourceTree = "<group>"; };
		0BB1CEC12230496400F386C3 /* StatsMasterController.swift */ = {isa = PBXFileReference; lastKnownFileType = sourcecode.swift; path = StatsMasterController.swift; sourceTree = "<group>"; };
		0BB1CEC322304BC700F386C3 /* StatsCenterVC.swift */ = {isa = PBXFileReference; lastKnownFileType = sourcecode.swift; path = StatsCenterVC.swift; sourceTree = "<group>"; };
		0BB1CEC522304BD800F386C3 /* StatsTopBarVC.swift */ = {isa = PBXFileReference; lastKnownFileType = sourcecode.swift; path = StatsTopBarVC.swift; sourceTree = "<group>"; };
		0BB1CEC7223060AA00F386C3 /* StatsMasterController+ScrollViewDelegate.swift */ = {isa = PBXFileReference; lastKnownFileType = sourcecode.swift; path = "StatsMasterController+ScrollViewDelegate.swift"; sourceTree = "<group>"; };
		0BB1CEC92230690900F386C3 /* TopBarDelegateProtocol.swift */ = {isa = PBXFileReference; lastKnownFileType = sourcecode.swift; path = TopBarDelegateProtocol.swift; sourceTree = "<group>"; };
		0BB1CECB223069B900F386C3 /* StatsMasterController+TopBarDelegate.swift */ = {isa = PBXFileReference; lastKnownFileType = sourcecode.swift; path = "StatsMasterController+TopBarDelegate.swift"; sourceTree = "<group>"; };
		0BB2A5C322337CA3006C8FF7 /* RecordWorkoutMasterViewController+Animations.swift */ = {isa = PBXFileReference; lastKnownFileType = sourcecode.swift; path = "RecordWorkoutMasterViewController+Animations.swift"; sourceTree = "<group>"; };
		0BB2A5C5223382F2006C8FF7 /* RecordWorkoutMasterViewController+RecognizerReturn.swift */ = {isa = PBXFileReference; lastKnownFileType = sourcecode.swift; path = "RecordWorkoutMasterViewController+RecognizerReturn.swift"; sourceTree = "<group>"; };
		0BB2A5C722338358006C8FF7 /* RecordWorkoutMasterViewController+Commands.swift */ = {isa = PBXFileReference; lastKnownFileType = sourcecode.swift; path = "RecordWorkoutMasterViewController+Commands.swift"; sourceTree = "<group>"; };
		0BB2A5C9223434E3006C8FF7 /* CenterViewController+TableViewDelegateDataSource.swift */ = {isa = PBXFileReference; lastKnownFileType = sourcecode.swift; path = "CenterViewController+TableViewDelegateDataSource.swift"; sourceTree = "<group>"; };
		0BB4470522331893004BEDD1 /* RecordWorkoutMasterViewController+StartEnd.swift */ = {isa = PBXFileReference; lastKnownFileType = sourcecode.swift; path = "RecordWorkoutMasterViewController+StartEnd.swift"; sourceTree = "<group>"; };
		0BB7E9942231F249000C285D /* MasterTabBarController.swift */ = {isa = PBXFileReference; lastKnownFileType = sourcecode.swift; path = MasterTabBarController.swift; sourceTree = "<group>"; };
		0BB7E9B92232D7DC000C285D /* SpeechVisulizerView.swift */ = {isa = PBXFileReference; lastKnownFileType = sourcecode.swift; path = SpeechVisulizerView.swift; sourceTree = "<group>"; };
		0BB7E9BB2232FB21000C285D /* RecordWorkoutMasterViewController+Visualizer.swift */ = {isa = PBXFileReference; lastKnownFileType = sourcecode.swift; path = "RecordWorkoutMasterViewController+Visualizer.swift"; sourceTree = "<group>"; };
		0BCA1AB82228D30000B51C27 /* EZWorkout.app */ = {isa = PBXFileReference; explicitFileType = wrapper.application; includeInIndex = 0; path = EZWorkout.app; sourceTree = BUILT_PRODUCTS_DIR; };
		0BCA1ABB2228D30000B51C27 /* AppDelegate.swift */ = {isa = PBXFileReference; lastKnownFileType = sourcecode.swift; path = AppDelegate.swift; sourceTree = "<group>"; };
		0BCA1AC02228D30100B51C27 /* Base */ = {isa = PBXFileReference; lastKnownFileType = file.storyboard; name = Base; path = Base.lproj/Main.storyboard; sourceTree = "<group>"; };
		0BCA1AC32228D30100B51C27 /* EZWorkout.xcdatamodel */ = {isa = PBXFileReference; lastKnownFileType = wrapper.xcdatamodel; path = EZWorkout.xcdatamodel; sourceTree = "<group>"; };
		0BCA1AC52228D30100B51C27 /* Assets.xcassets */ = {isa = PBXFileReference; lastKnownFileType = folder.assetcatalog; path = Assets.xcassets; sourceTree = "<group>"; };
		0BCA1AC82228D30100B51C27 /* Base */ = {isa = PBXFileReference; lastKnownFileType = file.storyboard; name = Base; path = Base.lproj/LaunchScreen.storyboard; sourceTree = "<group>"; };
		0BCA1ACA2228D30100B51C27 /* Info.plist */ = {isa = PBXFileReference; lastKnownFileType = text.plist.xml; path = Info.plist; sourceTree = "<group>"; };
		0BF84E7F22309F7100DFC6B0 /* HistoryViewController.swift */ = {isa = PBXFileReference; lastKnownFileType = sourcecode.swift; path = HistoryViewController.swift; sourceTree = "<group>"; };
		0BF84E8122309F8B00DFC6B0 /* ExerciseTableManager.swift */ = {isa = PBXFileReference; lastKnownFileType = sourcecode.swift; path = ExerciseTableManager.swift; sourceTree = "<group>"; };
		0BF84E8322309FA600DFC6B0 /* WorkoutTableManager.swift */ = {isa = PBXFileReference; lastKnownFileType = sourcecode.swift; path = WorkoutTableManager.swift; sourceTree = "<group>"; };
		0BF84E852230A32D00DFC6B0 /* ExerciseSetCell.swift */ = {isa = PBXFileReference; lastKnownFileType = sourcecode.swift; path = ExerciseSetCell.swift; sourceTree = "<group>"; };
		0BF84E872230A55E00DFC6B0 /* WorkoutCell.swift */ = {isa = PBXFileReference; lastKnownFileType = sourcecode.swift; path = WorkoutCell.swift; sourceTree = "<group>"; };
		0BF84E892230A99800DFC6B0 /* HistoryViewController+WorkoutTableDelegate.swift */ = {isa = PBXFileReference; lastKnownFileType = sourcecode.swift; path = "HistoryViewController+WorkoutTableDelegate.swift"; sourceTree = "<group>"; };
		0BF84E8B2230C2A900DFC6B0 /* HistoryViewController+ExerciseTableDelegate.swift */ = {isa = PBXFileReference; lastKnownFileType = sourcecode.swift; path = "HistoryViewController+ExerciseTableDelegate.swift"; sourceTree = "<group>"; };
		0BF84E8D2230EC3D00DFC6B0 /* ExerciseType.xib */ = {isa = PBXFileReference; lastKnownFileType = file.xib; path = ExerciseType.xib; sourceTree = "<group>"; };
		0BF84E8F2230ED2700DFC6B0 /* ExerciseTypeView.swift */ = {isa = PBXFileReference; lastKnownFileType = sourcecode.swift; path = ExerciseTypeView.swift; sourceTree = "<group>"; };
		0BF84E912231B0E900DFC6B0 /* ExerciseSet.xib */ = {isa = PBXFileReference; lastKnownFileType = file.xib; path = ExerciseSet.xib; sourceTree = "<group>"; };
		0BF84E932231B16A00DFC6B0 /* ExerciseSetView.swift */ = {isa = PBXFileReference; lastKnownFileType = sourcecode.swift; path = ExerciseSetView.swift; sourceTree = "<group>"; };
		2851C8802231F23A005E4384 /* StaticDataManager.swift */ = {isa = PBXFileReference; lastKnownFileType = sourcecode.swift; path = StaticDataManager.swift; sourceTree = "<group>"; };
		285A56DA2229DB2E003E4AA0 /* ExcerciseTableViewCell.swift */ = {isa = PBXFileReference; lastKnownFileType = sourcecode.swift; path = ExcerciseTableViewCell.swift; sourceTree = "<group>"; };
		286B6716223ADDA700438B77 /* WorkoutWatch.entitlements */ = {isa = PBXFileReference; lastKnownFileType = text.plist.entitlements; path = WorkoutWatch.entitlements; sourceTree = "<group>"; };
		286B6717223ADDB700438B77 /* WorkoutWatch Extension.entitlements */ = {isa = PBXFileReference; lastKnownFileType = text.plist.entitlements; path = "WorkoutWatch Extension.entitlements"; sourceTree = "<group>"; };
		28812195222DA4DA007042C1 /* StatVC.swift */ = {isa = PBXFileReference; lastKnownFileType = sourcecode.swift; path = StatVC.swift; sourceTree = "<group>"; };
		288121DD222F53DC007042C1 /* StatPVC.swift */ = {isa = PBXFileReference; lastKnownFileType = sourcecode.swift; path = StatPVC.swift; sourceTree = "<group>"; };
		288121E1222F5598007042C1 /* ScrollStatsView.swift */ = {isa = PBXFileReference; lastKnownFileType = sourcecode.swift; path = ScrollStatsView.swift; sourceTree = "<group>"; };
		288121E6222F6B63007042C1 /* RealmDataManager.swift */ = {isa = PBXFileReference; lastKnownFileType = sourcecode.swift; path = RealmDataManager.swift; sourceTree = "<group>"; };
		288121EA222F7311007042C1 /* ExcerciseRealm.swift */ = {isa = PBXFileReference; lastKnownFileType = sourcecode.swift; path = ExcerciseRealm.swift; sourceTree = "<group>"; };
		288121EC222F7B15007042C1 /* UserRealm.swift */ = {isa = PBXFileReference; lastKnownFileType = sourcecode.swift; path = UserRealm.swift; sourceTree = "<group>"; };
		288121EE222F7B85007042C1 /* WorkoutRealm.swift */ = {isa = PBXFileReference; lastKnownFileType = sourcecode.swift; path = WorkoutRealm.swift; sourceTree = "<group>"; };
		288121F0222F7D83007042C1 /* userStatRealm.swift */ = {isa = PBXFileReference; lastKnownFileType = sourcecode.swift; path = userStatRealm.swift; sourceTree = "<group>"; };
		28DC63FE223324E5002FC4E0 /* StatUserVC.swift */ = {isa = PBXFileReference; lastKnownFileType = sourcecode.swift; path = StatUserVC.swift; sourceTree = "<group>"; };
		28DC64342235C3EA002FC4E0 /* StatTotalVC.swift */ = {isa = PBXFileReference; lastKnownFileType = sourcecode.swift; path = StatTotalVC.swift; sourceTree = "<group>"; };
		28DC64362235F820002FC4E0 /* StatLastWeekVC.swift */ = {isa = PBXFileReference; lastKnownFileType = sourcecode.swift; path = StatLastWeekVC.swift; sourceTree = "<group>"; };
		28F05A2F2243466100D23A2C /* SetUpVC.swift */ = {isa = PBXFileReference; lastKnownFileType = sourcecode.swift; path = SetUpVC.swift; sourceTree = "<group>"; };
		28F4C08722388371003318ED /* WorkoutWatch.app */ = {isa = PBXFileReference; explicitFileType = wrapper.application; includeInIndex = 0; path = WorkoutWatch.app; sourceTree = BUILT_PRODUCTS_DIR; };
		28F4C08A22388371003318ED /* Base */ = {isa = PBXFileReference; lastKnownFileType = file.storyboard; name = Base; path = Base.lproj/Interface.storyboard; sourceTree = "<group>"; };
		28F4C08C22388372003318ED /* Assets.xcassets */ = {isa = PBXFileReference; lastKnownFileType = folder.assetcatalog; path = Assets.xcassets; sourceTree = "<group>"; };
		28F4C08E22388372003318ED /* Info.plist */ = {isa = PBXFileReference; lastKnownFileType = text.plist.xml; path = Info.plist; sourceTree = "<group>"; };
		28F4C09322388372003318ED /* WorkoutWatch Extension.appex */ = {isa = PBXFileReference; explicitFileType = "wrapper.app-extension"; includeInIndex = 0; path = "WorkoutWatch Extension.appex"; sourceTree = BUILT_PRODUCTS_DIR; };
		28F4C09822388372003318ED /* InterfaceController.swift */ = {isa = PBXFileReference; lastKnownFileType = sourcecode.swift; path = InterfaceController.swift; sourceTree = "<group>"; };
		28F4C09A22388372003318ED /* ExtensionDelegate.swift */ = {isa = PBXFileReference; lastKnownFileType = sourcecode.swift; path = ExtensionDelegate.swift; sourceTree = "<group>"; };
		28F4C09C22388372003318ED /* NotificationController.swift */ = {isa = PBXFileReference; lastKnownFileType = sourcecode.swift; path = NotificationController.swift; sourceTree = "<group>"; };
		28F4C09E22388373003318ED /* Assets.xcassets */ = {isa = PBXFileReference; lastKnownFileType = folder.assetcatalog; path = Assets.xcassets; sourceTree = "<group>"; };
		28F4C0A022388373003318ED /* Info.plist */ = {isa = PBXFileReference; lastKnownFileType = text.plist.xml; path = Info.plist; sourceTree = "<group>"; };
		28F4C0A122388373003318ED /* PushNotificationPayload.apns */ = {isa = PBXFileReference; lastKnownFileType = text; path = PushNotificationPayload.apns; sourceTree = "<group>"; };
		28F4C0E722388A03003318ED /* EZWorkout.entitlements */ = {isa = PBXFileReference; lastKnownFileType = text.plist.entitlements; path = EZWorkout.entitlements; sourceTree = "<group>"; };
		28F4C0E822388AEA003318ED /* DetailVC.swift */ = {isa = PBXFileReference; lastKnownFileType = sourcecode.swift; path = DetailVC.swift; sourceTree = "<group>"; };
		28F4C0EF22389272003318ED /* ViewController.swift */ = {isa = PBXFileReference; lastKnownFileType = sourcecode.swift; path = ViewController.swift; sourceTree = "<group>"; };
		28F4C0F322389917003318ED /* iosWatch.swift */ = {isa = PBXFileReference; lastKnownFileType = sourcecode.swift; path = iosWatch.swift; sourceTree = "<group>"; };
		56613A7F23DBE1C05BB336A2 /* Pods_EZWorkout.framework */ = {isa = PBXFileReference; explicitFileType = wrapper.framework; includeInIndex = 0; path = Pods_EZWorkout.framework; sourceTree = BUILT_PRODUCTS_DIR; };
		8872BA68D8FE0B972398D279 /* Pods-EZWorkout.debug.xcconfig */ = {isa = PBXFileReference; includeInIndex = 1; lastKnownFileType = text.xcconfig; name = "Pods-EZWorkout.debug.xcconfig"; path = "Pods/Target Support Files/Pods-EZWorkout/Pods-EZWorkout.debug.xcconfig"; sourceTree = "<group>"; };
		FEEC72732415616696171480 /* Pods-EZWorkout.release.xcconfig */ = {isa = PBXFileReference; includeInIndex = 1; lastKnownFileType = text.xcconfig; name = "Pods-EZWorkout.release.xcconfig"; path = "Pods/Target Support Files/Pods-EZWorkout/Pods-EZWorkout.release.xcconfig"; sourceTree = "<group>"; };
/* End PBXFileReference section */

/* Begin PBXFrameworksBuildPhase section */
		0BCA1AB52228D30000B51C27 /* Frameworks */ = {
			isa = PBXFrameworksBuildPhase;
			buildActionMask = 2147483647;
			files = (
				1BD8438B9947517B54131039 /* Pods_EZWorkout.framework in Frameworks */,
			);
			runOnlyForDeploymentPostprocessing = 0;
		};
		28F4C09022388372003318ED /* Frameworks */ = {
			isa = PBXFrameworksBuildPhase;
			buildActionMask = 2147483647;
			files = (
			);
			runOnlyForDeploymentPostprocessing = 0;
		};
		8E5C9D4FB51F1415DA2D0BA9 /* Frameworks */ = {
			isa = PBXFrameworksBuildPhase;
			buildActionMask = 2147483647;
			files = (
			);
			runOnlyForDeploymentPostprocessing = 0;
		};
/* End PBXFrameworksBuildPhase section */

/* Begin PBXGroup section */
		0B4AF2EE22372F0300A7CBF2 /* stats pages */ = {
			isa = PBXGroup;
			children = (
				0B4AF2E822370C1B00A7CBF2 /* StatsPage1Controller.swift */,
				0B4AF2F722387F4900A7CBF2 /* StatPage1Controller+ScrollViewDelegate.swift */,
				28DC64342235C3EA002FC4E0 /* StatTotalVC.swift */,
				0B4AF2EF2237313B00A7CBF2 /* StatPage3Controller.swift */,
				0B4AF2EA223725F400A7CBF2 /* StatPage4Controller.swift */,
				0B4AF2F52237857400A7CBF2 /* StatHelper.swift */,
			);
			path = "stats pages";
			sourceTree = "<group>";
		};
		0BA30327222DE6D30046FDB9 /* Custom Views */ = {
			isa = PBXGroup;
			children = (
				0BA30328222DE70A0046FDB9 /* Exercise.xib */,
				0BA3032A222DE8EA0046FDB9 /* ExerciseView.swift */,
				0BB7E9B92232D7DC000C285D /* SpeechVisulizerView.swift */,
			);
			path = "Custom Views";
			sourceTree = "<group>";
		};
		0BA30334222E0A540046FDB9 /* History */ = {
			isa = PBXGroup;
			children = (
				0BA30332222E09F00046FDB9 /* HistorySB.storyboard */,
				0BF84E7F22309F7100DFC6B0 /* HistoryViewController.swift */,
				0BF84E892230A99800DFC6B0 /* HistoryViewController+WorkoutTableDelegate.swift */,
				0BF84E8B2230C2A900DFC6B0 /* HistoryViewController+ExerciseTableDelegate.swift */,
				0B38BDB82231D13D00DEA358 /* HistoryViewController+PickerDelegateDataSource.swift */,
				0BF84E8122309F8B00DFC6B0 /* ExerciseTableManager.swift */,
				0BF84E8322309FA600DFC6B0 /* WorkoutTableManager.swift */,
				0BF84E952231B8BA00DFC6B0 /* Cells and Xibs */,
			);
			path = History;
			sourceTree = "<group>";
		};
		0BA30335222E1CB90046FDB9 /* Data Models */ = {
			isa = PBXGroup;
			children = (
				0BA3DB84222DD0F200AC7538 /* ExerciseModel.swift */,
				0BA30336222E1CDC0046FDB9 /* WorkoutModel.swift */,
			);
			path = "Data Models";
			sourceTree = "<group>";
		};
		0BA3DB82222DD0D500AC7538 /* SpeechParsing */ = {
			isa = PBXGroup;
			children = (
				0BA3DB9E222DDE2800AC7538 /* SpeechRecognizer */,
				0BA3DB85222DD0F200AC7538 /* ExerciseRef.swift */,
				0BA3DB88222DD0F200AC7538 /* ExerciseRefernceProtocol.swift */,
				0BA3DB87222DD0F200AC7538 /* ExerciseTypes.swift */,
				0BA3DB86222DD0F200AC7538 /* ExerciseModifier.swift */,
				0BA3DB83222DD0F200AC7538 /* MuscleGroup.swift */,
				0BA3DB89222DD0F200AC7538 /* SpeechInputManager */,
			);
			path = SpeechParsing;
			sourceTree = "<group>";
		};
		0BA3DB89222DD0F200AC7538 /* SpeechInputManager */ = {
			isa = PBXGroup;
			children = (
				0BA3DB8A222DD0F200AC7538 /* SpeechInputManager+InputParsing.swift */,
				0BA3DB8B222DD0F200AC7538 /* SpeechInputManager+UserAddedExercises.swift */,
				0BA3DB8C222DD0F200AC7538 /* SpechInputManager+SetUp.swift */,
				0BA30338222E1E220046FDB9 /* SpeechInputManager+Commands.swift */,
				0BA3DB8D222DD0F200AC7538 /* SpeechInputManager.swift */,
				0B4AF2E42236EF3B00A7CBF2 /* CommandModel.swift */,
			);
			path = SpeechInputManager;
			sourceTree = "<group>";
		};
		0BA3DB9E222DDE2800AC7538 /* SpeechRecognizer */ = {
			isa = PBXGroup;
			children = (
				0BA3DB98222DD2FC00AC7538 /* SpeechRecognizer.swift */,
				0BA3DB9A222DD3ED00AC7538 /* RecognizerReturnDelegate.swift */,
			);
			path = SpeechRecognizer;
			sourceTree = "<group>";
		};
		0BAA18312234720A00EC40D8 /* Fonts */ = {
			isa = PBXGroup;
			children = (
				0B4AF2E22236D3BC00A7CBF2 /* SVBasicManual.ttf */,
				0B4AF2DE2236CE0C00A7CBF2 /* timeburnernormal.ttf */,
				0B4AF2DC2236CD9400A7CBF2 /* CursedTimerULiL.ttf */,
				0BAA183822349D9E00EC40D8 /* Simply Rounded.ttf */,
				0BAA18342234745C00EC40D8 /* Simply Rounded Bold Italic.ttf */,
				0BAA18322234720A00EC40D8 /* KeepCalm-Medium.ttf */,
			);
			path = Fonts;
			sourceTree = "<group>";
		};
		0BCA1AAF2228D30000B51C27 = {
			isa = PBXGroup;
			children = (
				0BCA1ABA2228D30000B51C27 /* EZWorkout */,
				28F4C08822388371003318ED /* WorkoutWatch */,
				28F4C09722388372003318ED /* WorkoutWatch Extension */,
				0BCA1AB92228D30000B51C27 /* Products */,
				C49D9F006CB39973E8274E43 /* Pods */,
				9B3B0D97047C304E4AF59A10 /* Frameworks */,
			);
			sourceTree = "<group>";
		};
		0BCA1AB92228D30000B51C27 /* Products */ = {
			isa = PBXGroup;
			children = (
				0BCA1AB82228D30000B51C27 /* EZWorkout.app */,
				28F4C08722388371003318ED /* WorkoutWatch.app */,
				28F4C09322388372003318ED /* WorkoutWatch Extension.appex */,
			);
			name = Products;
			sourceTree = "<group>";
		};
		0BCA1ABA2228D30000B51C27 /* EZWorkout */ = {
			isa = PBXGroup;
			children = (
				28F4C0E722388A03003318ED /* EZWorkout.entitlements */,
				0BCA1ABB2228D30000B51C27 /* AppDelegate.swift */,
				0BA30327222DE6D30046FDB9 /* Custom Views */,
				0BA3DB82222DD0D500AC7538 /* SpeechParsing */,
				0BA30335222E1CB90046FDB9 /* Data Models */,
				285A56D82228E358003E4AA0 /* Rec */,
				0BA30334222E0A540046FDB9 /* History */,
				0B4AF2D0223597C400A7CBF2 /* NewHistoryViewController.swift */,
				0B4AF2D2223598FA00A7CBF2 /* NewHistoryViewController+FSCalendarDelegateDataSource.swift */,
				0B4AF2D42235B18E00A7CBF2 /* NewHistoryViewController+TableViewDataSourceDelegate.swift */,
				28812197222DBD59007042C1 /* stat VC */,
				288121E5222F6B10007042C1 /* RealData */,
				0BAA18312234720A00EC40D8 /* Fonts */,
				285A56DA2229DB2E003E4AA0 /* ExcerciseTableViewCell.swift */,
				0B5013F1222F4CDC004A64EC /* DataManager.swift */,
				0BCA1ABF2228D30100B51C27 /* Main.storyboard */,
				28F05A2F2243466100D23A2C /* SetUpVC.swift */,
				0BAA18362234896000EC40D8 /* UIImage+createWithColor.swift */,
				0BB7E9942231F249000C285D /* MasterTabBarController.swift */,
				0BCA1AC52228D30100B51C27 /* Assets.xcassets */,
				0BCA1AC72228D30100B51C27 /* LaunchScreen.storyboard */,
				0BCA1ACA2228D30100B51C27 /* Info.plist */,
				0BCA1AC22228D30100B51C27 /* EZWorkout.xcdatamodeld */,
			);
			path = EZWorkout;
			sourceTree = "<group>";
		};
		0BF84E952231B8BA00DFC6B0 /* Cells and Xibs */ = {
			isa = PBXGroup;
			children = (
				0BF84E852230A32D00DFC6B0 /* ExerciseSetCell.swift */,
				0BF84E872230A55E00DFC6B0 /* WorkoutCell.swift */,
				0BF84E8D2230EC3D00DFC6B0 /* ExerciseType.xib */,
				0BF84E8F2230ED2700DFC6B0 /* ExerciseTypeView.swift */,
				0BF84E912231B0E900DFC6B0 /* ExerciseSet.xib */,
				0BF84E932231B16A00DFC6B0 /* ExerciseSetView.swift */,
			);
			path = "Cells and Xibs";
			sourceTree = "<group>";
		};
		2851C8842231F43A005E4384 /* CreateCharts */ = {
			isa = PBXGroup;
			children = (
				2851C8802231F23A005E4384 /* StaticDataManager.swift */,
				0B4AF2F12237487B00A7CBF2 /* StaticDataManger+RealmQueries.swift */,
				0B4AF2F322374D3C00A7CBF2 /* Date+easyFunctions.swift */,
				0BB1CEC322304BC700F386C3 /* StatsCenterVC.swift */,
				28DC63FE223324E5002FC4E0 /* StatUserVC.swift */,
				28DC64362235F820002FC4E0 /* StatLastWeekVC.swift */,
			);
			path = CreateCharts;
			sourceTree = "<group>";
		};
		285A56D82228E358003E4AA0 /* Rec */ = {
			isa = PBXGroup;
			children = (
				0BA3033C222E28290046FDB9 /* ExerciseCell.swift */,
				28F4C0F322389917003318ED /* iosWatch.swift */,
				0BA3033E222ED8050046FDB9 /* RecordWorkoutMasterViewController.swift */,
				0BB2A5C5223382F2006C8FF7 /* RecordWorkoutMasterViewController+RecognizerReturn.swift */,
				0B5013EF222F2F9F004A64EC /* RecordWorkoutMasterViewController+ContainerFunctions.swift */,
				0B5013F7222F67BC004A64EC /* RecordWorkoutMasterViewController+ShowFeedback.swift */,
				0BB7E9BB2232FB21000C285D /* RecordWorkoutMasterViewController+Visualizer.swift */,
				0BB4470522331893004BEDD1 /* RecordWorkoutMasterViewController+StartEnd.swift */,
				0BB2A5C722338358006C8FF7 /* RecordWorkoutMasterViewController+Commands.swift */,
				0BB2A5C322337CA3006C8FF7 /* RecordWorkoutMasterViewController+Animations.swift */,
				0B4AF2D622360EA500A7CBF2 /* RecordWorkoutMasterViewController+CenterScrollDelegate.swift */,
				0B4AF2DA223613F000A7CBF2 /* RecordWorkoutMasterViewController+TopBarDelegate.swift */,
				0B5013EB222F25F7004A64EC /* CenterViewController.swift */,
				0B4AF2E02236CF8B00A7CBF2 /* CenterViewController+TimerFunctions.swift */,
				0BB2A5C9223434E3006C8FF7 /* CenterViewController+TableViewDelegateDataSource.swift */,
				0B4AF2D82236100A00A7CBF2 /* RecTopBarVC.swift */,
				0BA3032C222E08530046FDB9 /* RecWorkoutSB.storyboard */,
				0B5013ED222F2DB2004A64EC /* CenterViewProtocol.swift */,
				0BA30344222EDDFA0046FDB9 /* Help.xib */,
				28F4C0EF22389272003318ED /* ViewController.swift */,
				0BA30346222EDE2C0046FDB9 /* HelpView.swift */,
				0B5013F3222F6653004A64EC /* FeedbackMsg.xib */,
				0B5013F5222F673E004A64EC /* FeedbackMsgView.swift */,
			);
			path = Rec;
			sourceTree = "<group>";
		};
		28812197222DBD59007042C1 /* stat VC */ = {
			isa = PBXGroup;
			children = (
				2851C8842231F43A005E4384 /* CreateCharts */,
				0BA30330222E09870046FDB9 /* StatsSB.storyboard */,
				288121DD222F53DC007042C1 /* StatPVC.swift */,
				0B4AF2EE22372F0300A7CBF2 /* stats pages */,
				28812195222DA4DA007042C1 /* StatVC.swift */,
				288121E1222F5598007042C1 /* ScrollStatsView.swift */,
				0BB1CEC12230496400F386C3 /* StatsMasterController.swift */,
				0BB1CEC7223060AA00F386C3 /* StatsMasterController+ScrollViewDelegate.swift */,
				0BB1CECB223069B900F386C3 /* StatsMasterController+TopBarDelegate.swift */,
				0BB1CEC522304BD800F386C3 /* StatsTopBarVC.swift */,
				0BB1CEC92230690900F386C3 /* TopBarDelegateProtocol.swift */,
			);
			path = "stat VC";
			sourceTree = "<group>";
		};
		288121E5222F6B10007042C1 /* RealData */ = {
			isa = PBXGroup;
			children = (
				288121E6222F6B63007042C1 /* RealmDataManager.swift */,
				0B3C97B52239F9590042BE4C /* RealmDataManager+FakeYear.swift */,
				288121F0222F7D83007042C1 /* userStatRealm.swift */,
				288121EC222F7B15007042C1 /* UserRealm.swift */,
				288121EE222F7B85007042C1 /* WorkoutRealm.swift */,
				288121EA222F7311007042C1 /* ExcerciseRealm.swift */,
			);
			path = RealData;
			sourceTree = "<group>";
		};
		28F4C08822388371003318ED /* WorkoutWatch */ = {
			isa = PBXGroup;
			children = (
				286B6716223ADDA700438B77 /* WorkoutWatch.entitlements */,
				28F4C08922388371003318ED /* Interface.storyboard */,
				28F4C08C22388372003318ED /* Assets.xcassets */,
				28F4C08E22388372003318ED /* Info.plist */,
			);
			path = WorkoutWatch;
			sourceTree = "<group>";
		};
		28F4C09722388372003318ED /* WorkoutWatch Extension */ = {
			isa = PBXGroup;
			children = (
				286B6717223ADDB700438B77 /* WorkoutWatch Extension.entitlements */,
				28F4C09822388372003318ED /* InterfaceController.swift */,
				28F4C09A22388372003318ED /* ExtensionDelegate.swift */,
				28F4C09C22388372003318ED /* NotificationController.swift */,
				28F4C09E22388373003318ED /* Assets.xcassets */,
				28F4C0A022388373003318ED /* Info.plist */,
				28F4C0A122388373003318ED /* PushNotificationPayload.apns */,
				28F4C0E822388AEA003318ED /* DetailVC.swift */,
			);
			path = "WorkoutWatch Extension";
			sourceTree = "<group>";
		};
		9B3B0D97047C304E4AF59A10 /* Frameworks */ = {
			isa = PBXGroup;
			children = (
				56613A7F23DBE1C05BB336A2 /* Pods_EZWorkout.framework */,
			);
			name = Frameworks;
			sourceTree = "<group>";
		};
		C49D9F006CB39973E8274E43 /* Pods */ = {
			isa = PBXGroup;
			children = (
				8872BA68D8FE0B972398D279 /* Pods-EZWorkout.debug.xcconfig */,
				FEEC72732415616696171480 /* Pods-EZWorkout.release.xcconfig */,
			);
			name = Pods;
			sourceTree = "<group>";
		};
/* End PBXGroup section */

/* Begin PBXNativeTarget section */
		0BCA1AB72228D30000B51C27 /* EZWorkout */ = {
			isa = PBXNativeTarget;
			buildConfigurationList = 0BCA1ACD2228D30100B51C27 /* Build configuration list for PBXNativeTarget "EZWorkout" */;
			buildPhases = (
				62AFF1A21988F4D645F03DDC /* [CP] Check Pods Manifest.lock */,
				0BCA1AB42228D30000B51C27 /* Sources */,
				0BCA1AB52228D30000B51C27 /* Frameworks */,
				0BCA1AB62228D30000B51C27 /* Resources */,
				91F88EDD6AAAE78E53AC0CC2 /* [CP] Embed Pods Frameworks */,
				28F4C0AC22388373003318ED /* Embed Watch Content */,
			);
			buildRules = (
			);
			dependencies = (
				28F4C0ED22388F42003318ED /* PBXTargetDependency */,
				28F4C0EB22388F38003318ED /* PBXTargetDependency */,
			);
			name = EZWorkout;
			productName = EZWorkout;
			productReference = 0BCA1AB82228D30000B51C27 /* EZWorkout.app */;
			productType = "com.apple.product-type.application";
		};
		28F4C08622388371003318ED /* WorkoutWatch */ = {
			isa = PBXNativeTarget;
			buildConfigurationList = 28F4C0AB22388373003318ED /* Build configuration list for PBXNativeTarget "WorkoutWatch" */;
			buildPhases = (
				28F4C08522388371003318ED /* Resources */,
				28F4C0AA22388373003318ED /* Embed App Extensions */,
				8E5C9D4FB51F1415DA2D0BA9 /* Frameworks */,
			);
			buildRules = (
			);
			dependencies = (
				28F4C09622388372003318ED /* PBXTargetDependency */,
			);
			name = WorkoutWatch;
			productName = WorkoutWatch;
			productReference = 28F4C08722388371003318ED /* WorkoutWatch.app */;
			productType = "com.apple.product-type.application.watchapp2";
		};
		28F4C09222388372003318ED /* WorkoutWatch Extension */ = {
			isa = PBXNativeTarget;
			buildConfigurationList = 28F4C0A922388373003318ED /* Build configuration list for PBXNativeTarget "WorkoutWatch Extension" */;
			buildPhases = (
				28F4C08F22388372003318ED /* Sources */,
				28F4C09022388372003318ED /* Frameworks */,
				28F4C09122388372003318ED /* Resources */,
			);
			buildRules = (
			);
			dependencies = (
			);
			name = "WorkoutWatch Extension";
			productName = "WorkoutWatch Extension";
			productReference = 28F4C09322388372003318ED /* WorkoutWatch Extension.appex */;
			productType = "com.apple.product-type.watchkit2-extension";
		};
/* End PBXNativeTarget section */

/* Begin PBXProject section */
		0BCA1AB02228D30000B51C27 /* Project object */ = {
			isa = PBXProject;
			attributes = {
				LastSwiftUpdateCheck = 1010;
				LastUpgradeCheck = 1010;
				ORGANIZATIONNAME = "Spencer Symington";
				TargetAttributes = {
					0BCA1AB72228D30000B51C27 = {
						CreatedOnToolsVersion = 10.1;
						SystemCapabilities = {
							com.apple.ApplicationGroups.iOS = {
								enabled = 0;
							};
							com.apple.HealthKit = {
								enabled = 0;
							};
							com.apple.Keychain = {
								enabled = 1;
							};
							com.apple.iCloud = {
								enabled = 1;
							};
						};
					};
					28F4C08622388371003318ED = {
						CreatedOnToolsVersion = 10.1;
						SystemCapabilities = {
							com.apple.ApplicationGroups.iOS = {
								enabled = 1;
							};
						};
					};
					28F4C09222388372003318ED = {
						CreatedOnToolsVersion = 10.1;
						SystemCapabilities = {
							com.apple.ApplePay = {
								enabled = 0;
							};
							com.apple.ApplicationGroups.iOS = {
								enabled = 0;
							};
							com.apple.iCloud = {
								enabled = 1;
							};
						};
					};
				};
			};
			buildConfigurationList = 0BCA1AB32228D30000B51C27 /* Build configuration list for PBXProject "EZWorkout" */;
			compatibilityVersion = "Xcode 9.3";
			developmentRegion = en;
			hasScannedForEncodings = 0;
			knownRegions = (
				en,
				Base,
			);
			mainGroup = 0BCA1AAF2228D30000B51C27;
			productRefGroup = 0BCA1AB92228D30000B51C27 /* Products */;
			projectDirPath = "";
			projectRoot = "";
			targets = (
				0BCA1AB72228D30000B51C27 /* EZWorkout */,
				28F4C08622388371003318ED /* WorkoutWatch */,
				28F4C09222388372003318ED /* WorkoutWatch Extension */,
			);
		};
/* End PBXProject section */

/* Begin PBXResourcesBuildPhase section */
		0BCA1AB62228D30000B51C27 /* Resources */ = {
			isa = PBXResourcesBuildPhase;
			buildActionMask = 2147483647;
			files = (
				0BF84E922231B0E900DFC6B0 /* ExerciseSet.xib in Resources */,
				0B4AF2DD2236CD9400A7CBF2 /* CursedTimerULiL.ttf in Resources */,
				0BCA1AC92228D30100B51C27 /* LaunchScreen.storyboard in Resources */,
				0B4AF2E32236D3BC00A7CBF2 /* SVBasicManual.ttf in Resources */,
				0BA30329222DE70A0046FDB9 /* Exercise.xib in Resources */,
				0BCA1AC62228D30100B51C27 /* Assets.xcassets in Resources */,
				0BCA1AC12228D30100B51C27 /* Main.storyboard in Resources */,
				0B4AF2DF2236CE0C00A7CBF2 /* timeburnernormal.ttf in Resources */,
				0BF84E8E2230EC3D00DFC6B0 /* ExerciseType.xib in Resources */,
				0B5013F4222F6653004A64EC /* FeedbackMsg.xib in Resources */,
				0BA30345222EDDFA0046FDB9 /* Help.xib in Resources */,
				0BA3032D222E08530046FDB9 /* RecWorkoutSB.storyboard in Resources */,
				0BAA183922349D9F00EC40D8 /* Simply Rounded.ttf in Resources */,
				0BA30331222E09870046FDB9 /* StatsSB.storyboard in Resources */,
				0BAA18352234750900EC40D8 /* Simply Rounded Bold Italic.ttf in Resources */,
				0BA30333222E09F00046FDB9 /* HistorySB.storyboard in Resources */,
				0BAA18332234720A00EC40D8 /* KeepCalm-Medium.ttf in Resources */,
			);
			runOnlyForDeploymentPostprocessing = 0;
		};
		28F4C08522388371003318ED /* Resources */ = {
			isa = PBXResourcesBuildPhase;
			buildActionMask = 2147483647;
			files = (
				28F4C08D22388372003318ED /* Assets.xcassets in Resources */,
				28F4C08B22388371003318ED /* Interface.storyboard in Resources */,
			);
			runOnlyForDeploymentPostprocessing = 0;
		};
		28F4C09122388372003318ED /* Resources */ = {
			isa = PBXResourcesBuildPhase;
			buildActionMask = 2147483647;
			files = (
				28F4C09F22388373003318ED /* Assets.xcassets in Resources */,
			);
			runOnlyForDeploymentPostprocessing = 0;
		};
/* End PBXResourcesBuildPhase section */

/* Begin PBXShellScriptBuildPhase section */
		62AFF1A21988F4D645F03DDC /* [CP] Check Pods Manifest.lock */ = {
			isa = PBXShellScriptBuildPhase;
			buildActionMask = 2147483647;
			files = (
			);
			inputFileListPaths = (
			);
			inputPaths = (
				"${PODS_PODFILE_DIR_PATH}/Podfile.lock",
				"${PODS_ROOT}/Manifest.lock",
			);
			name = "[CP] Check Pods Manifest.lock";
			outputFileListPaths = (
			);
			outputPaths = (
				"$(DERIVED_FILE_DIR)/Pods-EZWorkout-checkManifestLockResult.txt",
			);
			runOnlyForDeploymentPostprocessing = 0;
			shellPath = /bin/sh;
			shellScript = "diff \"${PODS_PODFILE_DIR_PATH}/Podfile.lock\" \"${PODS_ROOT}/Manifest.lock\" > /dev/null\nif [ $? != 0 ] ; then\n    # print error to STDERR\n    echo \"error: The sandbox is not in sync with the Podfile.lock. Run 'pod install' or update your CocoaPods installation.\" >&2\n    exit 1\nfi\n# This output is used by Xcode 'outputs' to avoid re-running this script phase.\necho \"SUCCESS\" > \"${SCRIPT_OUTPUT_FILE_0}\"\n";
			showEnvVarsInLog = 0;
		};
		91F88EDD6AAAE78E53AC0CC2 /* [CP] Embed Pods Frameworks */ = {
			isa = PBXShellScriptBuildPhase;
			buildActionMask = 2147483647;
			files = (
			);
			inputFileListPaths = (
			);
			inputPaths = (
				"${SRCROOT}/Pods/Target Support Files/Pods-EZWorkout/Pods-EZWorkout-frameworks.sh",
				"${BUILT_PRODUCTS_DIR}/Charts/Charts.framework",
				"${BUILT_PRODUCTS_DIR}/FSCalendar/FSCalendar.framework",
				"${BUILT_PRODUCTS_DIR}/RAMAnimatedTabBarController/RAMAnimatedTabBarController.framework",
				"${BUILT_PRODUCTS_DIR}/Realm/Realm.framework",
				"${BUILT_PRODUCTS_DIR}/RealmSwift/RealmSwift.framework",
				"${BUILT_PRODUCTS_DIR}/SkyFloatingLabelTextField/SkyFloatingLabelTextField.framework",
				"${BUILT_PRODUCTS_DIR}/UICircularProgressRing/UICircularProgressRing.framework",
			);
			name = "[CP] Embed Pods Frameworks";
			outputFileListPaths = (
			);
			outputPaths = (
				"${TARGET_BUILD_DIR}/${FRAMEWORKS_FOLDER_PATH}/Charts.framework",
				"${TARGET_BUILD_DIR}/${FRAMEWORKS_FOLDER_PATH}/FSCalendar.framework",
				"${TARGET_BUILD_DIR}/${FRAMEWORKS_FOLDER_PATH}/RAMAnimatedTabBarController.framework",
				"${TARGET_BUILD_DIR}/${FRAMEWORKS_FOLDER_PATH}/Realm.framework",
				"${TARGET_BUILD_DIR}/${FRAMEWORKS_FOLDER_PATH}/RealmSwift.framework",
				"${TARGET_BUILD_DIR}/${FRAMEWORKS_FOLDER_PATH}/SkyFloatingLabelTextField.framework",
				"${TARGET_BUILD_DIR}/${FRAMEWORKS_FOLDER_PATH}/UICircularProgressRing.framework",
			);
			runOnlyForDeploymentPostprocessing = 0;
			shellPath = /bin/sh;
			shellScript = "\"${SRCROOT}/Pods/Target Support Files/Pods-EZWorkout/Pods-EZWorkout-frameworks.sh\"\n";
			showEnvVarsInLog = 0;
		};
/* End PBXShellScriptBuildPhase section */

/* Begin PBXSourcesBuildPhase section */
		0BCA1AB42228D30000B51C27 /* Sources */ = {
			isa = PBXSourcesBuildPhase;
			buildActionMask = 2147483647;
			files = (
				288121E2222F5598007042C1 /* ScrollStatsView.swift in Sources */,
				0B5013F0222F2F9F004A64EC /* RecordWorkoutMasterViewController+ContainerFunctions.swift in Sources */,
				0B4AF2E52236EF3B00A7CBF2 /* CommandModel.swift in Sources */,
				0B3C97B62239F9590042BE4C /* RealmDataManager+FakeYear.swift in Sources */,
				0BF84E8422309FA600DFC6B0 /* WorkoutTableManager.swift in Sources */,
				0BB7E9BC2232FB21000C285D /* RecordWorkoutMasterViewController+Visualizer.swift in Sources */,
				0B5013EE222F2DB2004A64EC /* CenterViewProtocol.swift in Sources */,
				288121DE222F53DC007042C1 /* StatPVC.swift in Sources */,
				0B4AF2F422374D3C00A7CBF2 /* Date+easyFunctions.swift in Sources */,
				288121F1222F7D83007042C1 /* userStatRealm.swift in Sources */,
				0BB4470622331893004BEDD1 /* RecordWorkoutMasterViewController+StartEnd.swift in Sources */,
				0BF84E8A2230A99800DFC6B0 /* HistoryViewController+WorkoutTableDelegate.swift in Sources */,
				28F4C0F422389917003318ED /* iosWatch.swift in Sources */,
				0B4AF2F62237857400A7CBF2 /* StatHelper.swift in Sources */,
				0BA30337222E1CDC0046FDB9 /* WorkoutModel.swift in Sources */,
				0BA3DB94222DD0F200AC7538 /* SpeechInputManager+InputParsing.swift in Sources */,
				0B4AF2F02237313B00A7CBF2 /* StatPage3Controller.swift in Sources */,
				0BA3DB95222DD0F200AC7538 /* SpeechInputManager+UserAddedExercises.swift in Sources */,
				0BAA18372234896000EC40D8 /* UIImage+createWithColor.swift in Sources */,
				0B4AF2DB223613F000A7CBF2 /* RecordWorkoutMasterViewController+TopBarDelegate.swift in Sources */,
				0BB2A5C822338358006C8FF7 /* RecordWorkoutMasterViewController+Commands.swift in Sources */,
				0BF84E902230ED2700DFC6B0 /* ExerciseTypeView.swift in Sources */,
				0BF84E862230A32D00DFC6B0 /* ExerciseSetCell.swift in Sources */,
				0B4AF2F822387F4900A7CBF2 /* StatPage1Controller+ScrollViewDelegate.swift in Sources */,
				0BA3032B222DE8EA0046FDB9 /* ExerciseView.swift in Sources */,
				28F4C0F022389272003318ED /* ViewController.swift in Sources */,
				0B38BDB92231D13D00DEA358 /* HistoryViewController+PickerDelegateDataSource.swift in Sources */,
				0BCA1AC42228D30100B51C27 /* EZWorkout.xcdatamodeld in Sources */,
				0B4AF2D92236100B00A7CBF2 /* RecTopBarVC.swift in Sources */,
				0BF84E8222309F8B00DFC6B0 /* ExerciseTableManager.swift in Sources */,
				28DC64372235F820002FC4E0 /* StatLastWeekVC.swift in Sources */,
				0B4AF2D52235B18E00A7CBF2 /* NewHistoryViewController+TableViewDataSourceDelegate.swift in Sources */,
				0BA3DB99222DD2FC00AC7538 /* SpeechRecognizer.swift in Sources */,
				0BB7E9BA2232D7DC000C285D /* SpeechVisulizerView.swift in Sources */,
				0B4AF2D3223598FA00A7CBF2 /* NewHistoryViewController+FSCalendarDelegateDataSource.swift in Sources */,
				0B4AF2D1223597C400A7CBF2 /* NewHistoryViewController.swift in Sources */,
				288121EF222F7B85007042C1 /* WorkoutRealm.swift in Sources */,
				0BB1CEC8223060AA00F386C3 /* StatsMasterController+ScrollViewDelegate.swift in Sources */,
				0BB1CECA2230690900F386C3 /* TopBarDelegateProtocol.swift in Sources */,
				0BF84E8C2230C2A900DFC6B0 /* HistoryViewController+ExerciseTableDelegate.swift in Sources */,
				28F05A302243466100D23A2C /* SetUpVC.swift in Sources */,
				0BA3DB93222DD0F200AC7538 /* ExerciseRefernceProtocol.swift in Sources */,
				0B4AF2E12236CF8B00A7CBF2 /* CenterViewController+TimerFunctions.swift in Sources */,
				0B4AF2EB223725F400A7CBF2 /* StatPage4Controller.swift in Sources */,
				0BB7E9952231F249000C285D /* MasterTabBarController.swift in Sources */,
				0BB1CEC622304BD800F386C3 /* StatsTopBarVC.swift in Sources */,
				28DC63FF223324E5002FC4E0 /* StatUserVC.swift in Sources */,
				0BA3033F222ED8050046FDB9 /* RecordWorkoutMasterViewController.swift in Sources */,
				0BB2A5C6223382F2006C8FF7 /* RecordWorkoutMasterViewController+RecognizerReturn.swift in Sources */,
				0BA3033D222E28290046FDB9 /* ExerciseCell.swift in Sources */,
				0BA30347222EDE2C0046FDB9 /* HelpView.swift in Sources */,
				288121EB222F7311007042C1 /* ExcerciseRealm.swift in Sources */,
				0BB2A5CA223434E3006C8FF7 /* CenterViewController+TableViewDelegateDataSource.swift in Sources */,
				0BA3DB9B222DD3ED00AC7538 /* RecognizerReturnDelegate.swift in Sources */,
				0B4AF2D722360EA500A7CBF2 /* RecordWorkoutMasterViewController+CenterScrollDelegate.swift in Sources */,
				0BA3DB92222DD0F200AC7538 /* ExerciseTypes.swift in Sources */,
				0B5013F2222F4CDC004A64EC /* DataManager.swift in Sources */,
				0BA3DB90222DD0F200AC7538 /* ExerciseRef.swift in Sources */,
				0B4AF2E922370C1B00A7CBF2 /* StatsPage1Controller.swift in Sources */,
				2851C8812231F23A005E4384 /* StaticDataManager.swift in Sources */,
				0BB1CECC223069B900F386C3 /* StatsMasterController+TopBarDelegate.swift in Sources */,
				0BF84E8022309F7100DFC6B0 /* HistoryViewController.swift in Sources */,
				0BB1CEC22230496400F386C3 /* StatsMasterController.swift in Sources */,
				0BA30339222E1E220046FDB9 /* SpeechInputManager+Commands.swift in Sources */,
				0B5013EC222F25F7004A64EC /* CenterViewController.swift in Sources */,
				0B5013F6222F673E004A64EC /* FeedbackMsgView.swift in Sources */,
				0BA3DB96222DD0F200AC7538 /* SpechInputManager+SetUp.swift in Sources */,
				28DC64352235C3EA002FC4E0 /* StatTotalVC.swift in Sources */,
				0B5013F8222F67BC004A64EC /* RecordWorkoutMasterViewController+ShowFeedback.swift in Sources */,
				285A56DB2229DB2E003E4AA0 /* ExcerciseTableViewCell.swift in Sources */,
				28812196222DA4DA007042C1 /* StatVC.swift in Sources */,
				0BF84E882230A55E00DFC6B0 /* WorkoutCell.swift in Sources */,
				0BF84E942231B16A00DFC6B0 /* ExerciseSetView.swift in Sources */,
				0BA3DB8E222DD0F200AC7538 /* MuscleGroup.swift in Sources */,
				0BB2A5C422337CA3006C8FF7 /* RecordWorkoutMasterViewController+Animations.swift in Sources */,
				0B4AF2F22237487B00A7CBF2 /* StaticDataManger+RealmQueries.swift in Sources */,
				0BA3DB97222DD0F200AC7538 /* SpeechInputManager.swift in Sources */,
				0BB1CEC422304BC700F386C3 /* StatsCenterVC.swift in Sources */,
				0BCA1ABC2228D30000B51C27 /* AppDelegate.swift in Sources */,
				0BA3DB91222DD0F200AC7538 /* ExerciseModifier.swift in Sources */,
				288121ED222F7B15007042C1 /* UserRealm.swift in Sources */,
				0BA3DB8F222DD0F200AC7538 /* ExerciseModel.swift in Sources */,
				288121E7222F6B63007042C1 /* RealmDataManager.swift in Sources */,
			);
			runOnlyForDeploymentPostprocessing = 0;
		};
		28F4C08F22388372003318ED /* Sources */ = {
			isa = PBXSourcesBuildPhase;
			buildActionMask = 2147483647;
			files = (
				28F4C09D22388372003318ED /* NotificationController.swift in Sources */,
				28F4C0F522389919003318ED /* iosWatch.swift in Sources */,
				28F4C0F722389FBA003318ED /* RecognizerReturnDelegate.swift in Sources */,
				28F4C0E922388AEA003318ED /* DetailVC.swift in Sources */,
				28F4C09B22388372003318ED /* ExtensionDelegate.swift in Sources */,
				28F4C09922388372003318ED /* InterfaceController.swift in Sources */,
			);
			runOnlyForDeploymentPostprocessing = 0;
		};
/* End PBXSourcesBuildPhase section */

/* Begin PBXTargetDependency section */
		28F4C09622388372003318ED /* PBXTargetDependency */ = {
			isa = PBXTargetDependency;
			target = 28F4C09222388372003318ED /* WorkoutWatch Extension */;
			targetProxy = 28F4C09522388372003318ED /* PBXContainerItemProxy */;
		};
		28F4C0EB22388F38003318ED /* PBXTargetDependency */ = {
			isa = PBXTargetDependency;
			target = 28F4C08622388371003318ED /* WorkoutWatch */;
			targetProxy = 28F4C0EA22388F38003318ED /* PBXContainerItemProxy */;
		};
		28F4C0ED22388F42003318ED /* PBXTargetDependency */ = {
			isa = PBXTargetDependency;
			target = 28F4C09222388372003318ED /* WorkoutWatch Extension */;
			targetProxy = 28F4C0EC22388F42003318ED /* PBXContainerItemProxy */;
		};
/* End PBXTargetDependency section */

/* Begin PBXVariantGroup section */
		0BCA1ABF2228D30100B51C27 /* Main.storyboard */ = {
			isa = PBXVariantGroup;
			children = (
				0BCA1AC02228D30100B51C27 /* Base */,
			);
			name = Main.storyboard;
			sourceTree = "<group>";
		};
		0BCA1AC72228D30100B51C27 /* LaunchScreen.storyboard */ = {
			isa = PBXVariantGroup;
			children = (
				0BCA1AC82228D30100B51C27 /* Base */,
			);
			name = LaunchScreen.storyboard;
			sourceTree = "<group>";
		};
		28F4C08922388371003318ED /* Interface.storyboard */ = {
			isa = PBXVariantGroup;
			children = (
				28F4C08A22388371003318ED /* Base */,
			);
			name = Interface.storyboard;
			sourceTree = "<group>";
		};
/* End PBXVariantGroup section */

/* Begin XCBuildConfiguration section */
		0BCA1ACB2228D30100B51C27 /* Debug */ = {
			isa = XCBuildConfiguration;
			buildSettings = {
				ALWAYS_SEARCH_USER_PATHS = NO;
				CLANG_ANALYZER_NONNULL = YES;
				CLANG_ANALYZER_NUMBER_OBJECT_CONVERSION = YES_AGGRESSIVE;
				CLANG_CXX_LANGUAGE_STANDARD = "gnu++14";
				CLANG_CXX_LIBRARY = "libc++";
				CLANG_ENABLE_MODULES = YES;
				CLANG_ENABLE_OBJC_ARC = YES;
				CLANG_ENABLE_OBJC_WEAK = YES;
				CLANG_WARN_BLOCK_CAPTURE_AUTORELEASING = YES;
				CLANG_WARN_BOOL_CONVERSION = YES;
				CLANG_WARN_COMMA = YES;
				CLANG_WARN_CONSTANT_CONVERSION = YES;
				CLANG_WARN_DEPRECATED_OBJC_IMPLEMENTATIONS = YES;
				CLANG_WARN_DIRECT_OBJC_ISA_USAGE = YES_ERROR;
				CLANG_WARN_DOCUMENTATION_COMMENTS = YES;
				CLANG_WARN_EMPTY_BODY = YES;
				CLANG_WARN_ENUM_CONVERSION = YES;
				CLANG_WARN_INFINITE_RECURSION = YES;
				CLANG_WARN_INT_CONVERSION = YES;
				CLANG_WARN_NON_LITERAL_NULL_CONVERSION = YES;
				CLANG_WARN_OBJC_IMPLICIT_RETAIN_SELF = YES;
				CLANG_WARN_OBJC_LITERAL_CONVERSION = YES;
				CLANG_WARN_OBJC_ROOT_CLASS = YES_ERROR;
				CLANG_WARN_RANGE_LOOP_ANALYSIS = YES;
				CLANG_WARN_STRICT_PROTOTYPES = YES;
				CLANG_WARN_SUSPICIOUS_MOVE = YES;
				CLANG_WARN_UNGUARDED_AVAILABILITY = YES_AGGRESSIVE;
				CLANG_WARN_UNREACHABLE_CODE = YES;
				CLANG_WARN__DUPLICATE_METHOD_MATCH = YES;
				CODE_SIGN_IDENTITY = "iPhone Developer";
				COPY_PHASE_STRIP = NO;
				DEBUG_INFORMATION_FORMAT = dwarf;
				ENABLE_STRICT_OBJC_MSGSEND = YES;
				ENABLE_TESTABILITY = YES;
				GCC_C_LANGUAGE_STANDARD = gnu11;
				GCC_DYNAMIC_NO_PIC = NO;
				GCC_NO_COMMON_BLOCKS = YES;
				GCC_OPTIMIZATION_LEVEL = 0;
				GCC_PREPROCESSOR_DEFINITIONS = (
					"DEBUG=1",
					"$(inherited)",
				);
				GCC_WARN_64_TO_32_BIT_CONVERSION = YES;
				GCC_WARN_ABOUT_RETURN_TYPE = YES_ERROR;
				GCC_WARN_UNDECLARED_SELECTOR = YES;
				GCC_WARN_UNINITIALIZED_AUTOS = YES_AGGRESSIVE;
				GCC_WARN_UNUSED_FUNCTION = YES;
				GCC_WARN_UNUSED_VARIABLE = YES;
				IPHONEOS_DEPLOYMENT_TARGET = 12.1;
				MTL_ENABLE_DEBUG_INFO = INCLUDE_SOURCE;
				MTL_FAST_MATH = YES;
				ONLY_ACTIVE_ARCH = YES;
				SDKROOT = iphoneos;
				SWIFT_ACTIVE_COMPILATION_CONDITIONS = DEBUG;
				SWIFT_OPTIMIZATION_LEVEL = "-Onone";
			};
			name = Debug;
		};
		0BCA1ACC2228D30100B51C27 /* Release */ = {
			isa = XCBuildConfiguration;
			buildSettings = {
				ALWAYS_SEARCH_USER_PATHS = NO;
				CLANG_ANALYZER_NONNULL = YES;
				CLANG_ANALYZER_NUMBER_OBJECT_CONVERSION = YES_AGGRESSIVE;
				CLANG_CXX_LANGUAGE_STANDARD = "gnu++14";
				CLANG_CXX_LIBRARY = "libc++";
				CLANG_ENABLE_MODULES = YES;
				CLANG_ENABLE_OBJC_ARC = YES;
				CLANG_ENABLE_OBJC_WEAK = YES;
				CLANG_WARN_BLOCK_CAPTURE_AUTORELEASING = YES;
				CLANG_WARN_BOOL_CONVERSION = YES;
				CLANG_WARN_COMMA = YES;
				CLANG_WARN_CONSTANT_CONVERSION = YES;
				CLANG_WARN_DEPRECATED_OBJC_IMPLEMENTATIONS = YES;
				CLANG_WARN_DIRECT_OBJC_ISA_USAGE = YES_ERROR;
				CLANG_WARN_DOCUMENTATION_COMMENTS = YES;
				CLANG_WARN_EMPTY_BODY = YES;
				CLANG_WARN_ENUM_CONVERSION = YES;
				CLANG_WARN_INFINITE_RECURSION = YES;
				CLANG_WARN_INT_CONVERSION = YES;
				CLANG_WARN_NON_LITERAL_NULL_CONVERSION = YES;
				CLANG_WARN_OBJC_IMPLICIT_RETAIN_SELF = YES;
				CLANG_WARN_OBJC_LITERAL_CONVERSION = YES;
				CLANG_WARN_OBJC_ROOT_CLASS = YES_ERROR;
				CLANG_WARN_RANGE_LOOP_ANALYSIS = YES;
				CLANG_WARN_STRICT_PROTOTYPES = YES;
				CLANG_WARN_SUSPICIOUS_MOVE = YES;
				CLANG_WARN_UNGUARDED_AVAILABILITY = YES_AGGRESSIVE;
				CLANG_WARN_UNREACHABLE_CODE = YES;
				CLANG_WARN__DUPLICATE_METHOD_MATCH = YES;
				CODE_SIGN_IDENTITY = "iPhone Developer";
				COPY_PHASE_STRIP = NO;
				DEBUG_INFORMATION_FORMAT = "dwarf-with-dsym";
				ENABLE_NS_ASSERTIONS = NO;
				ENABLE_STRICT_OBJC_MSGSEND = YES;
				GCC_C_LANGUAGE_STANDARD = gnu11;
				GCC_NO_COMMON_BLOCKS = YES;
				GCC_WARN_64_TO_32_BIT_CONVERSION = YES;
				GCC_WARN_ABOUT_RETURN_TYPE = YES_ERROR;
				GCC_WARN_UNDECLARED_SELECTOR = YES;
				GCC_WARN_UNINITIALIZED_AUTOS = YES_AGGRESSIVE;
				GCC_WARN_UNUSED_FUNCTION = YES;
				GCC_WARN_UNUSED_VARIABLE = YES;
				IPHONEOS_DEPLOYMENT_TARGET = 12.1;
				MTL_ENABLE_DEBUG_INFO = NO;
				MTL_FAST_MATH = YES;
				SDKROOT = iphoneos;
				SWIFT_COMPILATION_MODE = wholemodule;
				SWIFT_OPTIMIZATION_LEVEL = "-O";
				VALIDATE_PRODUCT = YES;
			};
			name = Release;
		};
		0BCA1ACE2228D30100B51C27 /* Debug */ = {
			isa = XCBuildConfiguration;
			baseConfigurationReference = 8872BA68D8FE0B972398D279 /* Pods-EZWorkout.debug.xcconfig */;
			buildSettings = {
				ASSETCATALOG_COMPILER_APPICON_NAME = AppIcon;
				CODE_SIGN_ENTITLEMENTS = EZWorkout/EZWorkout.entitlements;
				CODE_SIGN_IDENTITY = "iPhone Developer";
				CODE_SIGN_STYLE = Automatic;
				DEVELOPMENT_TEAM = XX8BFQJ7RJ;
				INFOPLIST_FILE = EZWorkout/Info.plist;
				LD_RUNPATH_SEARCH_PATHS = (
					"$(inherited)",
					"@executable_path/Frameworks",
				);
				PRODUCT_BUNDLE_IDENTIFIER = com.josh.EZWorkout;
				PRODUCT_NAME = "$(TARGET_NAME)";
				PROVISIONING_PROFILE_SPECIFIER = "";
				SWIFT_VERSION = 4.2;
				TARGETED_DEVICE_FAMILY = "1,2";
			};
			name = Debug;
		};
		0BCA1ACF2228D30100B51C27 /* Release */ = {
			isa = XCBuildConfiguration;
			baseConfigurationReference = FEEC72732415616696171480 /* Pods-EZWorkout.release.xcconfig */;
			buildSettings = {
				ASSETCATALOG_COMPILER_APPICON_NAME = AppIcon;
				CODE_SIGN_ENTITLEMENTS = EZWorkout/EZWorkout.entitlements;
				CODE_SIGN_IDENTITY = "iPhone Developer";
				CODE_SIGN_STYLE = Automatic;
				DEVELOPMENT_TEAM = XX8BFQJ7RJ;
				INFOPLIST_FILE = EZWorkout/Info.plist;
				LD_RUNPATH_SEARCH_PATHS = (
					"$(inherited)",
					"@executable_path/Frameworks",
				);
				PRODUCT_BUNDLE_IDENTIFIER = com.josh.EZWorkout;
				PRODUCT_NAME = "$(TARGET_NAME)";
				PROVISIONING_PROFILE_SPECIFIER = "";
				SWIFT_VERSION = 4.2;
				TARGETED_DEVICE_FAMILY = "1,2";
			};
			name = Release;
		};
		28F4C0A522388373003318ED /* Debug */ = {
			isa = XCBuildConfiguration;
			buildSettings = {
				ALWAYS_EMBED_SWIFT_STANDARD_LIBRARIES = YES;
				ASSETCATALOG_COMPILER_APPICON_NAME = AppIcon;
				CODE_SIGN_ENTITLEMENTS = WorkoutWatch/WorkoutWatch.entitlements;
				CODE_SIGN_IDENTITY = "iPhone Developer";
				CODE_SIGN_STYLE = Automatic;
				DEVELOPMENT_TEAM = XX8BFQJ7RJ;
				IBSC_MODULE = WorkoutWatch_Extension;
				INFOPLIST_FILE = WorkoutWatch/Info.plist;
				PRODUCT_BUNDLE_IDENTIFIER = com.josh.EZWorkout.watchkitapp;
				PRODUCT_NAME = "$(TARGET_NAME)";
				PROVISIONING_PROFILE_SPECIFIER = "";
				SDKROOT = watchos;
				SKIP_INSTALL = YES;
				SWIFT_VERSION = 4.2;
				TARGETED_DEVICE_FAMILY = 4;
				WATCHOS_DEPLOYMENT_TARGET = 5.1;
			};
			name = Debug;
		};
		28F4C0A622388373003318ED /* Release */ = {
			isa = XCBuildConfiguration;
			buildSettings = {
				ALWAYS_EMBED_SWIFT_STANDARD_LIBRARIES = YES;
				ASSETCATALOG_COMPILER_APPICON_NAME = AppIcon;
				CODE_SIGN_ENTITLEMENTS = WorkoutWatch/WorkoutWatch.entitlements;
				CODE_SIGN_IDENTITY = "iPhone Developer";
				CODE_SIGN_STYLE = Automatic;
				DEVELOPMENT_TEAM = XX8BFQJ7RJ;
				IBSC_MODULE = WorkoutWatch_Extension;
				INFOPLIST_FILE = WorkoutWatch/Info.plist;
				PRODUCT_BUNDLE_IDENTIFIER = com.josh.EZWorkout.watchkitapp;
				PRODUCT_NAME = "$(TARGET_NAME)";
				PROVISIONING_PROFILE_SPECIFIER = "";
				SDKROOT = watchos;
				SKIP_INSTALL = YES;
				SWIFT_VERSION = 4.2;
				TARGETED_DEVICE_FAMILY = 4;
				WATCHOS_DEPLOYMENT_TARGET = 5.1;
			};
			name = Release;
		};
		28F4C0A722388373003318ED /* Debug */ = {
			isa = XCBuildConfiguration;
			buildSettings = {
				ASSETCATALOG_COMPILER_COMPLICATION_NAME = Complication;
				CODE_SIGN_ENTITLEMENTS = "WorkoutWatch Extension/WorkoutWatch Extension.entitlements";
				CODE_SIGN_IDENTITY = "iPhone Developer";
				CODE_SIGN_STYLE = Automatic;
				DEVELOPMENT_TEAM = XX8BFQJ7RJ;
				INFOPLIST_FILE = "WorkoutWatch Extension/Info.plist";
				LD_RUNPATH_SEARCH_PATHS = (
					"$(inherited)",
					"@executable_path/Frameworks",
					"@executable_path/../../Frameworks",
				);
				PRODUCT_BUNDLE_IDENTIFIER = com.josh.EZWorkout.watchkitapp.watchkitextension;
				PRODUCT_NAME = "${TARGET_NAME}";
				PROVISIONING_PROFILE_SPECIFIER = "";
				SDKROOT = watchos;
				SKIP_INSTALL = YES;
				SWIFT_VERSION = 4.2;
				TARGETED_DEVICE_FAMILY = 4;
				WATCHOS_DEPLOYMENT_TARGET = 5.1;
			};
			name = Debug;
		};
		28F4C0A822388373003318ED /* Release */ = {
			isa = XCBuildConfiguration;
			buildSettings = {
				ASSETCATALOG_COMPILER_COMPLICATION_NAME = Complication;
				CODE_SIGN_ENTITLEMENTS = "WorkoutWatch Extension/WorkoutWatch Extension.entitlements";
				CODE_SIGN_IDENTITY = "iPhone Developer";
				CODE_SIGN_STYLE = Automatic;
				DEVELOPMENT_TEAM = XX8BFQJ7RJ;
				INFOPLIST_FILE = "WorkoutWatch Extension/Info.plist";
				LD_RUNPATH_SEARCH_PATHS = (
					"$(inherited)",
					"@executable_path/Frameworks",
					"@executable_path/../../Frameworks",
				);
				PRODUCT_BUNDLE_IDENTIFIER = com.josh.EZWorkout.watchkitapp.watchkitextension;
				PRODUCT_NAME = "${TARGET_NAME}";
				PROVISIONING_PROFILE_SPECIFIER = "";
				SDKROOT = watchos;
				SKIP_INSTALL = YES;
				SWIFT_VERSION = 4.2;
				TARGETED_DEVICE_FAMILY = 4;
				WATCHOS_DEPLOYMENT_TARGET = 5.1;
			};
			name = Release;
		};
/* End XCBuildConfiguration section */

/* Begin XCConfigurationList section */
		0BCA1AB32228D30000B51C27 /* Build configuration list for PBXProject "EZWorkout" */ = {
			isa = XCConfigurationList;
			buildConfigurations = (
				0BCA1ACB2228D30100B51C27 /* Debug */,
				0BCA1ACC2228D30100B51C27 /* Release */,
			);
			defaultConfigurationIsVisible = 0;
			defaultConfigurationName = Release;
		};
		0BCA1ACD2228D30100B51C27 /* Build configuration list for PBXNativeTarget "EZWorkout" */ = {
			isa = XCConfigurationList;
			buildConfigurations = (
				0BCA1ACE2228D30100B51C27 /* Debug */,
				0BCA1ACF2228D30100B51C27 /* Release */,
			);
			defaultConfigurationIsVisible = 0;
			defaultConfigurationName = Release;
		};
		28F4C0A922388373003318ED /* Build configuration list for PBXNativeTarget "WorkoutWatch Extension" */ = {
			isa = XCConfigurationList;
			buildConfigurations = (
				28F4C0A722388373003318ED /* Debug */,
				28F4C0A822388373003318ED /* Release */,
			);
			defaultConfigurationIsVisible = 0;
			defaultConfigurationName = Release;
		};
		28F4C0AB22388373003318ED /* Build configuration list for PBXNativeTarget "WorkoutWatch" */ = {
			isa = XCConfigurationList;
			buildConfigurations = (
				28F4C0A522388373003318ED /* Debug */,
				28F4C0A622388373003318ED /* Release */,
			);
			defaultConfigurationIsVisible = 0;
			defaultConfigurationName = Release;
		};
/* End XCConfigurationList section */

/* Begin XCVersionGroup section */
		0BCA1AC22228D30100B51C27 /* EZWorkout.xcdatamodeld */ = {
			isa = XCVersionGroup;
			children = (
				0BCA1AC32228D30100B51C27 /* EZWorkout.xcdatamodel */,
			);
			currentVersion = 0BCA1AC32228D30100B51C27 /* EZWorkout.xcdatamodel */;
			path = EZWorkout.xcdatamodeld;
			sourceTree = "<group>";
			versionGroupType = wrapper.xcdatamodel;
		};
/* End XCVersionGroup section */
	};
	rootObject = 0BCA1AB02228D30000B51C27 /* Project object */;
}
